{
  "version": 4,
  "terraform_version": "1.3.6",
  "serial": 67,
  "lineage": "2f34a442-b56b-8f37-1a99-906b7815d86d",
  "outputs": {},
  "resources": [
    {
      "module": "module.vm",
      "mode": "data",
      "type": "azurerm_client_config",
      "name": "example",
      "provider": "module.vm.provider[\"registry.terraform.io/hashicorp/azurerm\"]",
      "instances": [
        {
          "schema_version": 0,
          "attributes": {
            "client_id": "04b07795-8ddb-461a-bbee-02f9e1bf7b46",
            "id": "Y2xpZW50Q29uZmlncy9jbGllbnRJZD0wNGIwNzc5NS04ZGRiLTQ2MWEtYmJlZS0wMmY5ZTFiZjdiNDY7b2JqZWN0SWQ9ODk3NWMxNmItNGMwYi00MTJhLTgwOWMtMTliOGRmNzNkNTc3O3N1YnNjcmlwdGlvbklkPTZmOGY3YTc1LWJkNGQtNDQ5OS1iMjE1LTdiOTdjMzY4YmFjMTt0ZW5hbnRJZD1mYTI5ZTY0MC0xOGFkLTRjNmQtOWJhYS1kNjA4MDVhZDI4YzA=",
            "object_id": "8975c16b-4c0b-412a-809c-19b8df73d577",
            "subscription_id": "6f8f7a75-bd4d-4499-b215-7b97c368bac1",
            "tenant_id": "fa29e640-18ad-4c6d-9baa-d60805ad28c0",
            "timeouts": null
          },
          "sensitive_attributes": []
        }
      ]
    },
    {
      "module": "module.vm",
      "mode": "data",
      "type": "azurerm_subscription",
      "name": "primary",
      "provider": "module.vm.provider[\"registry.terraform.io/hashicorp/azurerm\"]",
      "instances": [
        {
          "schema_version": 0,
          "attributes": {
            "display_name": "Free Trial",
            "id": "/subscriptions/6f8f7a75-bd4d-4499-b215-7b97c368bac1",
            "location_placement_id": "PublicAndIndia_2015-09-01",
            "quota_id": "FreeTrial_2014-09-01",
            "spending_limit": "On",
            "state": "Enabled",
            "subscription_id": "6f8f7a75-bd4d-4499-b215-7b97c368bac1",
            "tags": {},
            "tenant_id": "fa29e640-18ad-4c6d-9baa-d60805ad28c0",
            "timeouts": null
          },
          "sensitive_attributes": []
        }
      ]
    },
    {
      "module": "module.vm",
      "mode": "managed",
      "type": "azurerm_key_vault",
      "name": "key_vault",
      "provider": "module.vm.provider[\"registry.terraform.io/hashicorp/azurerm\"]",
      "instances": [
        {
          "schema_version": 2,
          "attributes": {
            "access_policy": [],
            "contact": [],
            "enable_rbac_authorization": true,
            "enabled_for_deployment": true,
            "enabled_for_disk_encryption": true,
            "enabled_for_template_deployment": true,
            "id": "/subscriptions/6f8f7a75-bd4d-4499-b215-7b97c368bac1/resourceGroups/rg1/providers/Microsoft.KeyVault/vaults/kvstrkey23",
            "location": "eastus",
            "name": "kvstrkey23",
            "network_acls": [
              {
                "bypass": "AzureServices",
                "default_action": "Allow",
                "ip_rules": [],
                "virtual_network_subnet_ids": []
              }
            ],
            "public_network_access_enabled": true,
            "purge_protection_enabled": true,
            "resource_group_name": "rg1",
            "sku_name": "standard",
            "soft_delete_retention_days": 7,
            "tags": {},
            "tenant_id": "fa29e640-18ad-4c6d-9baa-d60805ad28c0",
            "timeouts": null,
            "vault_uri": "https://kvstrkey23.vault.azure.net/"
          },
          "sensitive_attributes": [],
          "private": "eyJlMmJmYjczMC1lY2FhLTExZTYtOGY4OC0zNDM2M2JjN2M0YzAiOnsiY3JlYXRlIjoxODAwMDAwMDAwMDAwLCJkZWxldGUiOjE4MDAwMDAwMDAwMDAsInJlYWQiOjMwMDAwMDAwMDAwMCwidXBkYXRlIjoxODAwMDAwMDAwMDAwfSwic2NoZW1hX3ZlcnNpb24iOiIyIn0=",
          "dependencies": [
            "module.vm.azurerm_resource_group.example",
            "module.vm.data.azurerm_client_config.example"
          ]
        }
      ]
    },
    {
      "module": "module.vm",
      "mode": "managed",
      "type": "azurerm_key_vault_key",
      "name": "generated",
      "provider": "module.vm.provider[\"registry.terraform.io/hashicorp/azurerm\"]",
      "instances": [
        {
          "schema_version": 0,
          "attributes": {
            "curve": "",
            "e": "AQAB",
            "expiration_date": null,
            "id": "https://kvstrkey23.vault.azure.net/keys/custkey/5f2dbf21ced646a69cc9ede2c33d3baa",
            "key_opts": [
              "decrypt",
              "encrypt",
              "sign",
              "unwrapKey",
              "verify",
              "wrapKey"
            ],
            "key_size": 2048,
            "key_type": "RSA",
            "key_vault_id": "/subscriptions/6f8f7a75-bd4d-4499-b215-7b97c368bac1/resourceGroups/rg1/providers/Microsoft.KeyVault/vaults/kvstrkey23",
            "n": "4vHJhz51NhVKyaordOWhamT2K441eNvLEDMcnwcjTDa02XTtriBC6JEftxzx5eGWQB2w7HsyCsn09zOS2UprwO9gQDPOb6oH5z5b-McrUjXO8jIcD0SPGwdkgh83PE8nY2CoxtIVOfEf2Fl8zAHtHXXRmpnpBUqHqQT-ZUKBMnQareba4p8AAbWpC8UAxMmaYaTP0SZ3kvUOvP4EPQ7gNeJlq1TJrAPPuwecmOD5lEcG6DgrksjfjBFFdprDT-2rEOGC1-fJTuS5mGoIwP7chlT-XquD2A8Y0imjc2rtHLqInUIQ4u29n6yg3i4Pvst5LZfI2i_vuG-AxeXZhuOsvQ",
            "name": "custkey",
            "not_before_date": null,
            "public_key_openssh": "ssh-rsa AAAAB3NzaC1yc2EAAAADAQABAAABAQDi8cmHPnU2FUrJqit05aFqZPYrjjV428sQMxyfByNMNrTZdO2uIELokR+3HPHl4ZZAHbDsezIKyfT3M5LZSmvA72BAM85vqgfnPlv4xytSNc7yMhwPRI8bB2SCHzc8TydjYKjG0hU58R/YWXzMAe0dddGamekFSoepBP5lQoEydBqt5trinwABtakLxQDEyZphpM/RJneS9Q68/gQ9DuA14mWrVMmsA8+7B5yY4PmURwboOCuSyN+MEUV2msNP7asQ4YLX58lO5LmYagjA/tyGVP5eq4PYDxjSKaNzau0cuoidQhDi7b2frKDeLg++y3ktl8jaL++4b4DF5dmG46y9\n",
            "public_key_pem": "-----BEGIN PUBLIC KEY-----\nMIIBIjANBgkqhkiG9w0BAQEFAAOCAQ8AMIIBCgKCAQEA4vHJhz51NhVKyaordOWh\namT2K441eNvLEDMcnwcjTDa02XTtriBC6JEftxzx5eGWQB2w7HsyCsn09zOS2Upr\nwO9gQDPOb6oH5z5b+McrUjXO8jIcD0SPGwdkgh83PE8nY2CoxtIVOfEf2Fl8zAHt\nHXXRmpnpBUqHqQT+ZUKBMnQareba4p8AAbWpC8UAxMmaYaTP0SZ3kvUOvP4EPQ7g\nNeJlq1TJrAPPuwecmOD5lEcG6DgrksjfjBFFdprDT+2rEOGC1+fJTuS5mGoIwP7c\nhlT+XquD2A8Y0imjc2rtHLqInUIQ4u29n6yg3i4Pvst5LZfI2i/vuG+AxeXZhuOs\nvQIDAQAB\n-----END PUBLIC KEY-----\n",
            "resource_id": "/subscriptions/6f8f7a75-bd4d-4499-b215-7b97c368bac1/resourceGroups/rg1/providers/Microsoft.KeyVault/vaults/kvstrkey23/keys/custkey/versions/5f2dbf21ced646a69cc9ede2c33d3baa",
            "resource_versionless_id": "/subscriptions/6f8f7a75-bd4d-4499-b215-7b97c368bac1/resourceGroups/rg1/providers/Microsoft.KeyVault/vaults/kvstrkey23/keys/custkey",
            "rotation_policy": [],
            "tags": null,
            "timeouts": null,
            "version": "5f2dbf21ced646a69cc9ede2c33d3baa",
            "versionless_id": "https://kvstrkey23.vault.azure.net/keys/custkey",
            "x": "",
            "y": ""
          },
          "sensitive_attributes": [],
          "private": "eyJlMmJmYjczMC1lY2FhLTExZTYtOGY4OC0zNDM2M2JjN2M0YzAiOnsiY3JlYXRlIjoxODAwMDAwMDAwMDAwLCJkZWxldGUiOjE4MDAwMDAwMDAwMDAsInJlYWQiOjE4MDAwMDAwMDAwMDAsInVwZGF0ZSI6MTgwMDAwMDAwMDAwMH19",
          "dependencies": [
            "module.vm.azurerm_key_vault.key_vault"
          ]
        }
      ]
    },
    {
      "module": "module.vm",
      "mode": "managed",
      "type": "azurerm_linux_virtual_machine",
      "name": "example",
      "provider": "module.vm.provider[\"registry.terraform.io/hashicorp/azurerm\"]",
      "instances": [
        {
          "schema_version": 0,
          "attributes": {
            "additional_capabilities": [],
            "admin_password": null,
            "admin_ssh_key": [
              {
                "public_key": "ssh-rsa AAAAB3NzaC1yc2EAAAADAQABAAACAQDTug4Nc/9r3uV0huNIPyVcX/ZSoyOrM+FwuAw4b56kW5w+5vbVMmJ9UE9lvJphV3L9KVoWU0Ki20haq8RiyGcoOS5+r7ae+PYUvclz7JM6FoVElSfPqY8CvOfD3k/2q0uwCVvK0cJJfuoruRSRLaPXhxQr0ZcHtpdikmlOeB3mmOs4IS1qQZ2kBuhS/n+MQxoHsMbiUK73SxyJazsLzUh4AWgNDh49zv9N/f136H5AU7CLtgnQIRVFEHmGnX5MQS6mKf4pr7dMTkIT+aGMUT5zcGbIm1c4mnfMz27g7f1IGtVXsiI7tNmzEHBJZ0ZFm/Bk6jTKoZouwoRMPRgHFRjXn1eGjLiCDpmbuYqv7u2PzXZmpQef0jenn9X1Jkp6PNb5bRz7bXH0EUf1F+iusncot3ASjncLLmuWjs0qy5ezd1tkLaea/O2F6IxKcKZdZMnIMOZkbuhSzJ03rFxyK6edjIB9LqY4cBPV9SmU7KjyQrTCpnPQ/U6sVFaP2DuSAay6WUD5lbJKQ24zxpZxncfpors/yXrCleIV4I+eT5t6a1s5L4IIcNgES1Tpq7KxrrICW+MWFBVCifcYCY1+rqyVDDZiCOfUNWSg/AAHNvdFDFW2BaUIuznlt3uvxBBYFFM7zx4lfNQPIoi2NaXn61goNxUN+5wx32P03yS5Ef9iRw==\n",
                "username": "linuxsrvuser"
              }
            ],
            "admin_username": "linuxsrvuser",
            "allow_extension_operations": true,
            "availability_set_id": "",
            "boot_diagnostics": [],
            "bypass_platform_safety_checks_on_user_schedule_enabled": false,
            "capacity_reservation_group_id": "",
            "computer_name": "corporate-webserver-vm-01",
            "custom_data": null,
            "dedicated_host_group_id": "",
            "dedicated_host_id": "",
            "disable_password_authentication": true,
            "edge_zone": "",
            "encryption_at_host_enabled": false,
            "eviction_policy": "",
            "extensions_time_budget": "PT1H30M",
            "gallery_application": [],
            "id": "/subscriptions/6f8f7a75-bd4d-4499-b215-7b97c368bac1/resourceGroups/rg1/providers/Microsoft.Compute/virtualMachines/example-machine",
            "identity": [],
            "license_type": "",
            "location": "eastus",
            "max_bid_price": -1,
            "name": "example-machine",
            "network_interface_ids": [
              "/subscriptions/6f8f7a75-bd4d-4499-b215-7b97c368bac1/resourceGroups/rg1/providers/Microsoft.Network/networkInterfaces/example-nic"
            ],
            "os_disk": [
              {
                "caching": "ReadWrite",
                "diff_disk_settings": [],
                "disk_encryption_set_id": "",
                "disk_size_gb": 30,
                "name": "corpwebservervm01disk",
                "secure_vm_disk_encryption_set_id": "",
                "security_encryption_type": "",
                "storage_account_type": "Premium_LRS",
                "write_accelerator_enabled": false
              }
            ],
            "patch_assessment_mode": "ImageDefault",
            "patch_mode": "ImageDefault",
            "plan": [],
            "platform_fault_domain": -1,
            "priority": "Regular",
            "private_ip_address": "10.0.2.4",
            "private_ip_addresses": [
              "10.0.2.4"
            ],
            "provision_vm_agent": true,
            "proximity_placement_group_id": "",
            "public_ip_address": "172.190.128.137",
            "public_ip_addresses": [
              "172.190.128.137"
            ],
            "reboot_setting": "",
            "resource_group_name": "rg1",
            "secret": [],
            "secure_boot_enabled": false,
            "size": "Standard_DC1ds_v3",
            "source_image_id": "",
            "source_image_reference": [
              {
                "offer": "0001-com-ubuntu-server-focal",
                "publisher": "Canonical",
                "sku": "20_04-lts-gen2",
                "version": "latest"
              }
            ],
            "tags": {},
            "termination_notification": [],
            "timeouts": null,
            "user_data": "",
            "virtual_machine_id": "d667b587-a3b5-408e-9b85-a521fc325d6c",
            "virtual_machine_scale_set_id": "",
            "vtpm_enabled": false,
            "zone": ""
          },
          "sensitive_attributes": [],
          "private": "eyJlMmJmYjczMC1lY2FhLTExZTYtOGY4OC0zNDM2M2JjN2M0YzAiOnsiY3JlYXRlIjoyNzAwMDAwMDAwMDAwLCJkZWxldGUiOjI3MDAwMDAwMDAwMDAsInJlYWQiOjMwMDAwMDAwMDAwMCwidXBkYXRlIjoyNzAwMDAwMDAwMDAwfX0=",
          "dependencies": [
            "module.vm.azurerm_network_interface.example",
            "module.vm.azurerm_public_ip.publicip",
            "module.vm.azurerm_resource_group.example",
            "module.vm.azurerm_subnet.vm_subnet",
            "module.vm.azurerm_virtual_network.vnet1",
            "module.vm.tls_private_key.linuxsrvuserprivkey"
          ]
        }
      ]
    },
    {
      "module": "module.vm",
      "mode": "managed",
      "type": "azurerm_network_interface",
      "name": "example",
      "provider": "module.vm.provider[\"registry.terraform.io/hashicorp/azurerm\"]",
      "instances": [
        {
          "schema_version": 0,
          "attributes": {
            "applied_dns_servers": [],
            "dns_servers": [],
            "edge_zone": "",
            "enable_accelerated_networking": false,
            "enable_ip_forwarding": false,
            "id": "/subscriptions/6f8f7a75-bd4d-4499-b215-7b97c368bac1/resourceGroups/rg1/providers/Microsoft.Network/networkInterfaces/example-nic",
            "internal_dns_name_label": "",
            "internal_domain_name_suffix": "rdquvo1yqs1e1j3heyyj0yo5dg.bx.internal.cloudapp.net",
            "ip_configuration": [
              {
                "gateway_load_balancer_frontend_ip_configuration_id": "",
                "name": "internal",
                "primary": true,
                "private_ip_address": "10.0.2.4",
                "private_ip_address_allocation": "Dynamic",
                "private_ip_address_version": "IPv4",
                "public_ip_address_id": "/subscriptions/6f8f7a75-bd4d-4499-b215-7b97c368bac1/resourceGroups/rg1/providers/Microsoft.Network/publicIPAddresses/publicip-tomcatvm",
                "subnet_id": "/subscriptions/6f8f7a75-bd4d-4499-b215-7b97c368bac1/resourceGroups/rg1/providers/Microsoft.Network/virtualNetworks/vnet1/subnets/internal"
              }
            ],
            "location": "eastus",
            "mac_address": "00-0D-3A-9B-43-27",
            "name": "example-nic",
            "private_ip_address": "10.0.2.4",
            "private_ip_addresses": [
              "10.0.2.4"
            ],
            "resource_group_name": "rg1",
            "tags": {},
            "timeouts": null,
            "virtual_machine_id": "/subscriptions/6f8f7a75-bd4d-4499-b215-7b97c368bac1/resourceGroups/rg1/providers/Microsoft.Compute/virtualMachines/example-machine"
          },
          "sensitive_attributes": [],
          "private": "eyJlMmJmYjczMC1lY2FhLTExZTYtOGY4OC0zNDM2M2JjN2M0YzAiOnsiY3JlYXRlIjoxODAwMDAwMDAwMDAwLCJkZWxldGUiOjE4MDAwMDAwMDAwMDAsInJlYWQiOjMwMDAwMDAwMDAwMCwidXBkYXRlIjoxODAwMDAwMDAwMDAwfX0=",
          "dependencies": [
            "module.vm.azurerm_public_ip.publicip",
            "module.vm.azurerm_resource_group.example",
            "module.vm.azurerm_subnet.vm_subnet",
            "module.vm.azurerm_virtual_network.vnet1"
          ]
        }
      ]
    },
    {
      "module": "module.vm",
      "mode": "managed",
      "type": "azurerm_network_interface_security_group_association",
      "name": "association",
      "provider": "module.vm.provider[\"registry.terraform.io/hashicorp/azurerm\"]",
      "instances": [
        {
          "schema_version": 0,
          "attributes": {
            "id": "/subscriptions/6f8f7a75-bd4d-4499-b215-7b97c368bac1/resourceGroups/rg1/providers/Microsoft.Network/networkInterfaces/example-nic|/subscriptions/6f8f7a75-bd4d-4499-b215-7b97c368bac1/resourceGroups/rg1/providers/Microsoft.Network/networkSecurityGroups/nsg1",
            "network_interface_id": "/subscriptions/6f8f7a75-bd4d-4499-b215-7b97c368bac1/resourceGroups/rg1/providers/Microsoft.Network/networkInterfaces/example-nic",
            "network_security_group_id": "/subscriptions/6f8f7a75-bd4d-4499-b215-7b97c368bac1/resourceGroups/rg1/providers/Microsoft.Network/networkSecurityGroups/nsg1",
            "timeouts": null
          },
          "sensitive_attributes": [],
          "private": "eyJlMmJmYjczMC1lY2FhLTExZTYtOGY4OC0zNDM2M2JjN2M0YzAiOnsiY3JlYXRlIjoxODAwMDAwMDAwMDAwLCJkZWxldGUiOjE4MDAwMDAwMDAwMDAsInJlYWQiOjMwMDAwMDAwMDAwMCwidXBkYXRlIjoxODAwMDAwMDAwMDAwfX0=",
          "dependencies": [
            "module.vm.azurerm_network_interface.example",
            "module.vm.azurerm_network_security_group.nsg",
            "module.vm.azurerm_public_ip.publicip",
            "module.vm.azurerm_resource_group.example",
            "module.vm.azurerm_subnet.vm_subnet",
            "module.vm.azurerm_virtual_network.vnet1"
          ]
        }
      ]
    },
    {
      "module": "module.vm",
      "mode": "managed",
      "type": "azurerm_network_security_group",
      "name": "nsg",
      "provider": "module.vm.provider[\"registry.terraform.io/hashicorp/azurerm\"]",
      "instances": [
        {
          "schema_version": 0,
          "attributes": {
            "id": "/subscriptions/6f8f7a75-bd4d-4499-b215-7b97c368bac1/resourceGroups/rg1/providers/Microsoft.Network/networkSecurityGroups/nsg1",
            "location": "eastus",
            "name": "nsg1",
            "resource_group_name": "rg1",
            "security_rule": [
              {
                "access": "Allow",
                "description": "",
                "destination_address_prefix": "*",
                "destination_address_prefixes": [],
                "destination_application_security_group_ids": [],
                "destination_port_range": "22",
                "destination_port_ranges": [],
                "direction": "Inbound",
                "name": "allow_ssh_sg",
                "priority": 100,
                "protocol": "Tcp",
                "source_address_prefix": "*",
                "source_address_prefixes": [],
                "source_application_security_group_ids": [],
                "source_port_range": "*",
                "source_port_ranges": []
              }
            ],
            "tags": {},
            "timeouts": null
          },
          "sensitive_attributes": [],
          "private": "eyJlMmJmYjczMC1lY2FhLTExZTYtOGY4OC0zNDM2M2JjN2M0YzAiOnsiY3JlYXRlIjoxODAwMDAwMDAwMDAwLCJkZWxldGUiOjE4MDAwMDAwMDAwMDAsInJlYWQiOjMwMDAwMDAwMDAwMCwidXBkYXRlIjoxODAwMDAwMDAwMDAwfX0=",
          "dependencies": [
            "module.vm.azurerm_network_interface.example",
            "module.vm.azurerm_public_ip.publicip",
            "module.vm.azurerm_resource_group.example",
            "module.vm.azurerm_subnet.vm_subnet",
            "module.vm.azurerm_virtual_network.vnet1"
          ]
        }
      ]
    },
    {
      "module": "module.vm",
      "mode": "managed",
      "type": "azurerm_private_dns_zone",
      "name": "example",
      "provider": "module.vm.provider[\"registry.terraform.io/hashicorp/azurerm\"]",
      "instances": [
        {
          "schema_version": 0,
          "attributes": {
            "id": "/subscriptions/6f8f7a75-bd4d-4499-b215-7b97c368bac1/resourceGroups/rg1/providers/Microsoft.Network/privateDnsZones/privatelink.blob.core.windows.net",
            "max_number_of_record_sets": 25000,
            "max_number_of_virtual_network_links": 1000,
            "max_number_of_virtual_network_links_with_registration": 100,
            "name": "privatelink.blob.core.windows.net",
            "number_of_record_sets": 1,
            "resource_group_name": "rg1",
            "soa_record": [
              {
                "email": "azureprivatedns-host.microsoft.com",
                "expire_time": 2419200,
                "fqdn": "privatelink.blob.core.windows.net.",
                "host_name": "azureprivatedns.net",
                "minimum_ttl": 10,
                "refresh_time": 3600,
                "retry_time": 300,
                "serial_number": 1,
                "tags": {},
                "ttl": 3600
              }
            ],
            "tags": {},
            "timeouts": null
          },
          "sensitive_attributes": [],
          "private": "eyJlMmJmYjczMC1lY2FhLTExZTYtOGY4OC0zNDM2M2JjN2M0YzAiOnsiY3JlYXRlIjoxODAwMDAwMDAwMDAwLCJkZWxldGUiOjE4MDAwMDAwMDAwMDAsInJlYWQiOjMwMDAwMDAwMDAwMCwidXBkYXRlIjoxODAwMDAwMDAwMDAwfX0="
        }
      ]
    },
    {
      "module": "module.vm",
      "mode": "managed",
      "type": "azurerm_private_dns_zone_virtual_network_link",
      "name": "example",
      "provider": "module.vm.provider[\"registry.terraform.io/hashicorp/azurerm\"]",
      "instances": [
        {
          "schema_version": 0,
          "attributes": {
            "id": "/subscriptions/6f8f7a75-bd4d-4499-b215-7b97c368bac1/resourceGroups/rg1/providers/Microsoft.Network/privateDnsZones/privatelink.blob.core.windows.net/virtualNetworkLinks/example-link",
            "name": "example-link",
            "private_dns_zone_name": "privatelink.blob.core.windows.net",
            "registration_enabled": false,
            "resource_group_name": "rg1",
            "tags": {},
            "timeouts": null,
            "virtual_network_id": "/subscriptions/6f8f7a75-bd4d-4499-b215-7b97c368bac1/resourceGroups/rg1/providers/Microsoft.Network/virtualNetworks/vnet1"
          },
          "sensitive_attributes": [],
          "private": "eyJlMmJmYjczMC1lY2FhLTExZTYtOGY4OC0zNDM2M2JjN2M0YzAiOnsiY3JlYXRlIjoxODAwMDAwMDAwMDAwLCJkZWxldGUiOjE4MDAwMDAwMDAwMDAsInJlYWQiOjMwMDAwMDAwMDAwMCwidXBkYXRlIjoxODAwMDAwMDAwMDAwfX0=",
          "dependencies": [
            "module.vm.azurerm_private_dns_zone.example",
            "module.vm.azurerm_virtual_network.vnet1"
          ]
        }
      ]
    },
    {
      "module": "module.vm",
      "mode": "managed",
      "type": "azurerm_private_endpoint",
      "name": "storage_endpoint",
      "provider": "module.vm.provider[\"registry.terraform.io/hashicorp/azurerm\"]",
      "instances": [
        {
          "schema_version": 0,
          "attributes": {
            "custom_dns_configs": [
              {
                "fqdn": "teststorageacnt18.blob.core.windows.net",
                "ip_addresses": [
                  "10.0.3.4"
                ]
              }
            ],
            "custom_network_interface_name": "",
            "id": "/subscriptions/6f8f7a75-bd4d-4499-b215-7b97c368bac1/resourceGroups/rg1/providers/Microsoft.Network/privateEndpoints/storage-endpoint",
            "ip_configuration": [],
            "location": "eastus",
            "name": "storage-endpoint",
            "network_interface": [
              {
                "id": "/subscriptions/6f8f7a75-bd4d-4499-b215-7b97c368bac1/resourceGroups/rg1/providers/Microsoft.Network/networkInterfaces/storage-endpoint.nic.50a08681-a21a-4261-ba43-cc95fe1a379e",
                "name": "storage-endpoint.nic.50a08681-a21a-4261-ba43-cc95fe1a379e"
              }
            ],
            "private_dns_zone_configs": [],
            "private_dns_zone_group": [],
            "private_service_connection": [
              {
                "is_manual_connection": false,
                "name": "storage-connection",
                "private_connection_resource_alias": "",
                "private_connection_resource_id": "/subscriptions/6f8f7a75-bd4d-4499-b215-7b97c368bac1/resourceGroups/rg1/providers/Microsoft.Storage/storageAccounts/teststorageacnt18",
                "private_ip_address": "10.0.3.4",
                "request_message": "",
                "subresource_names": [
                  "blob"
                ]
              }
            ],
            "resource_group_name": "rg1",
            "subnet_id": "/subscriptions/6f8f7a75-bd4d-4499-b215-7b97c368bac1/resourceGroups/rg1/providers/Microsoft.Network/virtualNetworks/vnet1/subnets/st-subnet",
            "tags": {},
            "timeouts": null
          },
          "sensitive_attributes": [],
          "private": "eyJlMmJmYjczMC1lY2FhLTExZTYtOGY4OC0zNDM2M2JjN2M0YzAiOnsiY3JlYXRlIjozNjAwMDAwMDAwMDAwLCJkZWxldGUiOjM2MDAwMDAwMDAwMDAsInJlYWQiOjMwMDAwMDAwMDAwMCwidXBkYXRlIjozNjAwMDAwMDAwMDAwfX0=",
          "dependencies": [
            "module.vm.azurerm_resource_group.example",
            "module.vm.azurerm_storage_account.example",
            "module.vm.azurerm_subnet.storage",
            "module.vm.azurerm_virtual_network.vnet1"
          ]
        }
      ]
    },
    {
      "module": "module.vm",
      "mode": "managed",
      "type": "azurerm_public_ip",
      "name": "publicip",
      "provider": "module.vm.provider[\"registry.terraform.io/hashicorp/azurerm\"]",
      "instances": [
        {
          "schema_version": 0,
          "attributes": {
            "allocation_method": "Dynamic",
            "ddos_protection_mode": "VirtualNetworkInherited",
            "ddos_protection_plan_id": null,
            "domain_name_label": null,
            "edge_zone": "",
            "fqdn": null,
            "id": "/subscriptions/6f8f7a75-bd4d-4499-b215-7b97c368bac1/resourceGroups/rg1/providers/Microsoft.Network/publicIPAddresses/publicip-tomcatvm",
            "idle_timeout_in_minutes": 4,
            "ip_address": "172.190.128.137",
            "ip_tags": {},
            "ip_version": "IPv4",
            "location": "eastus",
            "name": "publicip-tomcatvm",
            "public_ip_prefix_id": null,
            "resource_group_name": "rg1",
            "reverse_fqdn": null,
            "sku": "Basic",
            "sku_tier": "Regional",
            "tags": {},
            "timeouts": null,
            "zones": []
          },
          "sensitive_attributes": [],
          "private": "eyJlMmJmYjczMC1lY2FhLTExZTYtOGY4OC0zNDM2M2JjN2M0YzAiOnsiY3JlYXRlIjoxODAwMDAwMDAwMDAwLCJkZWxldGUiOjE4MDAwMDAwMDAwMDAsInJlYWQiOjMwMDAwMDAwMDAwMCwidXBkYXRlIjoxODAwMDAwMDAwMDAwfX0=",
          "dependencies": [
            "module.vm.azurerm_resource_group.example"
          ]
        }
      ]
    },
    {
      "module": "module.vm",
      "mode": "managed",
      "type": "azurerm_resource_group",
      "name": "example",
      "provider": "module.vm.provider[\"registry.terraform.io/hashicorp/azurerm\"]",
      "instances": [
        {
          "schema_version": 0,
          "attributes": {
            "id": "/subscriptions/6f8f7a75-bd4d-4499-b215-7b97c368bac1/resourceGroups/rg1",
            "location": "eastus",
            "managed_by": "",
            "name": "rg1",
            "tags": {},
            "timeouts": null
          },
          "sensitive_attributes": [],
          "private": "eyJlMmJmYjczMC1lY2FhLTExZTYtOGY4OC0zNDM2M2JjN2M0YzAiOnsiY3JlYXRlIjo1NDAwMDAwMDAwMDAwLCJkZWxldGUiOjU0MDAwMDAwMDAwMDAsInJlYWQiOjMwMDAwMDAwMDAwMCwidXBkYXRlIjo1NDAwMDAwMDAwMDAwfX0="
        }
      ]
    },
    {
      "module": "module.vm",
      "mode": "managed",
      "type": "azurerm_role_assignment",
      "name": "example",
      "provider": "module.vm.provider[\"registry.terraform.io/hashicorp/azurerm\"]",
      "instances": [
        {
          "schema_version": 0,
          "attributes": {
            "condition": "",
            "condition_version": "",
            "delegated_managed_identity_resource_id": "",
            "description": "",
            "id": "/subscriptions/6f8f7a75-bd4d-4499-b215-7b97c368bac1/resourceGroups/rg1/providers/Microsoft.Storage/storageAccounts/teststorageacnt18/providers/Microsoft.Authorization/roleAssignments/530117f5-1912-eeed-89eb-15aa9d505958",
            "name": "530117f5-1912-eeed-89eb-15aa9d505958",
            "principal_id": "8975c16b-4c0b-412a-809c-19b8df73d577",
            "principal_type": "User",
            "role_definition_id": "/subscriptions/6f8f7a75-bd4d-4499-b215-7b97c368bac1/providers/Microsoft.Authorization/roleDefinitions/b24988ac-6180-42a0-ab88-20f7382dd24c",
            "role_definition_name": "Contributor",
            "scope": "/subscriptions/6f8f7a75-bd4d-4499-b215-7b97c368bac1/resourceGroups/rg1/providers/Microsoft.Storage/storageAccounts/teststorageacnt18",
            "skip_service_principal_aad_check": null,
            "timeouts": null
          },
          "sensitive_attributes": [],
          "private": "eyJlMmJmYjczMC1lY2FhLTExZTYtOGY4OC0zNDM2M2JjN2M0YzAiOnsiY3JlYXRlIjoxODAwMDAwMDAwMDAwLCJkZWxldGUiOjE4MDAwMDAwMDAwMDAsInJlYWQiOjMwMDAwMDAwMDAwMCwidXBkYXRlIjoxODAwMDAwMDAwMDAwfX0=",
          "dependencies": [
            "module.vm.azurerm_resource_group.example",
            "module.vm.azurerm_storage_account.example",
            "module.vm.data.azurerm_client_config.example"
          ]
        }
      ]
    },
    {
      "module": "module.vm",
      "mode": "managed",
      "type": "azurerm_role_assignment",
      "name": "identity",
      "provider": "module.vm.provider[\"registry.terraform.io/hashicorp/azurerm\"]",
      "instances": [
        {
          "schema_version": 0,
          "attributes": {
            "condition": "",
            "condition_version": "",
            "delegated_managed_identity_resource_id": "",
            "description": "",
            "id": "/subscriptions/6f8f7a75-bd4d-4499-b215-7b97c368bac1/resourceGroups/rg1/providers/Microsoft.KeyVault/vaults/kvstrkey23/providers/Microsoft.Authorization/roleAssignments/30d6c6a0-fa1a-77e3-c04f-a9d786098e68",
            "name": "30d6c6a0-fa1a-77e3-c04f-a9d786098e68",
            "principal_id": "357f769c-ee1f-4ed3-8e9d-a7c94bddf3ea",
            "principal_type": "ServicePrincipal",
            "role_definition_id": "/subscriptions/6f8f7a75-bd4d-4499-b215-7b97c368bac1/providers/Microsoft.Authorization/roleDefinitions/4633458b-17de-408a-b874-0445c86b69e6",
            "role_definition_name": "Key Vault Secrets User",
            "scope": "/subscriptions/6f8f7a75-bd4d-4499-b215-7b97c368bac1/resourceGroups/rg1/providers/Microsoft.KeyVault/vaults/kvstrkey23",
            "skip_service_principal_aad_check": null,
            "timeouts": null
          },
          "sensitive_attributes": [],
          "private": "eyJlMmJmYjczMC1lY2FhLTExZTYtOGY4OC0zNDM2M2JjN2M0YzAiOnsiY3JlYXRlIjoxODAwMDAwMDAwMDAwLCJkZWxldGUiOjE4MDAwMDAwMDAwMDAsInJlYWQiOjMwMDAwMDAwMDAwMCwidXBkYXRlIjoxODAwMDAwMDAwMDAwfX0=",
          "dependencies": [
            "module.vm.azurerm_key_vault.key_vault",
            "module.vm.azurerm_user_assigned_identity.example"
          ]
        }
      ]
    },
    {
      "module": "module.vm",
      "mode": "managed",
      "type": "azurerm_role_assignment",
      "name": "rbac_assignment_reader",
      "provider": "module.vm.provider[\"registry.terraform.io/hashicorp/azurerm\"]",
      "instances": [
        {
          "schema_version": 0,
          "attributes": {
            "condition": "",
            "condition_version": "",
            "delegated_managed_identity_resource_id": "",
            "description": "",
            "id": "/subscriptions/6f8f7a75-bd4d-4499-b215-7b97c368bac1/resourceGroups/rg1/providers/Microsoft.KeyVault/vaults/kvstrkey23/providers/Microsoft.Authorization/roleAssignments/44c3700d-0117-f5a1-cf38-107ef3d5280b",
            "name": "44c3700d-0117-f5a1-cf38-107ef3d5280b",
            "principal_id": "fbe63f71-35ae-43ea-b059-b141f06f35b4",
            "principal_type": "ServicePrincipal",
            "role_definition_id": "/subscriptions/6f8f7a75-bd4d-4499-b215-7b97c368bac1/providers/Microsoft.Authorization/roleDefinitions/00482a5a-887f-4fb3-b363-3b7fe8e74483",
            "role_definition_name": "Key Vault Administrator",
            "scope": "/subscriptions/6f8f7a75-bd4d-4499-b215-7b97c368bac1/resourceGroups/rg1/providers/Microsoft.KeyVault/vaults/kvstrkey23",
            "skip_service_principal_aad_check": null,
            "timeouts": null
          },
          "sensitive_attributes": [],
          "private": "eyJlMmJmYjczMC1lY2FhLTExZTYtOGY4OC0zNDM2M2JjN2M0YzAiOnsiY3JlYXRlIjoxODAwMDAwMDAwMDAwLCJkZWxldGUiOjE4MDAwMDAwMDAwMDAsInJlYWQiOjMwMDAwMDAwMDAwMCwidXBkYXRlIjoxODAwMDAwMDAwMDAwfX0=",
          "dependencies": [
            "module.vm.azurerm_key_vault.key_vault",
            "module.vm.azurerm_storage_account.example"
          ]
        }
      ]
    },
    {
      "module": "module.vm",
      "mode": "managed",
      "type": "azurerm_role_assignment",
      "name": "role_assignments",
      "provider": "module.vm.provider[\"registry.terraform.io/hashicorp/azurerm\"]",
      "instances": [
        {
          "schema_version": 0,
          "attributes": {
            "condition": "",
            "condition_version": "",
            "delegated_managed_identity_resource_id": "",
            "description": "",
            "id": "/subscriptions/6f8f7a75-bd4d-4499-b215-7b97c368bac1/resourceGroups/rg1/providers/Microsoft.KeyVault/vaults/kvstrkey23/providers/Microsoft.Authorization/roleAssignments/be9495b7-fc23-29da-6ed4-f7cccb447b1c",
            "name": "be9495b7-fc23-29da-6ed4-f7cccb447b1c",
            "principal_id": "8975c16b-4c0b-412a-809c-19b8df73d577",
            "principal_type": "User",
            "role_definition_id": "/subscriptions/6f8f7a75-bd4d-4499-b215-7b97c368bac1/providers/Microsoft.Authorization/roleDefinitions/00482a5a-887f-4fb3-b363-3b7fe8e74483",
            "role_definition_name": "Key Vault Administrator",
            "scope": "/subscriptions/6f8f7a75-bd4d-4499-b215-7b97c368bac1/resourceGroups/rg1/providers/Microsoft.KeyVault/vaults/kvstrkey23",
            "skip_service_principal_aad_check": null,
            "timeouts": null
          },
          "sensitive_attributes": [],
          "private": "eyJlMmJmYjczMC1lY2FhLTExZTYtOGY4OC0zNDM2M2JjN2M0YzAiOnsiY3JlYXRlIjoxODAwMDAwMDAwMDAwLCJkZWxldGUiOjE4MDAwMDAwMDAwMDAsInJlYWQiOjMwMDAwMDAwMDAwMCwidXBkYXRlIjoxODAwMDAwMDAwMDAwfX0=",
          "dependencies": [
            "module.vm.azurerm_key_vault.key_vault",
            "module.vm.azurerm_resource_group.example",
            "module.vm.data.azurerm_client_config.example"
          ]
        }
      ]
    },
    {
      "module": "module.vm",
      "mode": "managed",
      "type": "azurerm_role_assignment",
      "name": "role_assignments1",
      "provider": "module.vm.provider[\"registry.terraform.io/hashicorp/azurerm\"]",
      "instances": [
        {
          "schema_version": 0,
          "attributes": {
            "condition": "",
            "condition_version": "",
            "delegated_managed_identity_resource_id": "",
            "description": "",
            "id": "/subscriptions/6f8f7a75-bd4d-4499-b215-7b97c368bac1/resourceGroups/rg1/providers/Microsoft.KeyVault/vaults/kvstrkey23/providers/Microsoft.Authorization/roleAssignments/ba8f9843-2767-88a6-5701-dc28a19d3c97",
            "name": "ba8f9843-2767-88a6-5701-dc28a19d3c97",
            "principal_id": "8975c16b-4c0b-412a-809c-19b8df73d577",
            "principal_type": "User",
            "role_definition_id": "/subscriptions/6f8f7a75-bd4d-4499-b215-7b97c368bac1/providers/Microsoft.Authorization/roleDefinitions/00482a5a-887f-4fb3-b363-3b7fe8e74483",
            "role_definition_name": "Key Vault Administrator",
            "scope": "/subscriptions/6f8f7a75-bd4d-4499-b215-7b97c368bac1/resourceGroups/rg1/providers/Microsoft.KeyVault/vaults/kvstrkey23",
            "skip_service_principal_aad_check": null,
            "timeouts": null
          },
          "sensitive_attributes": [],
          "private": "eyJlMmJmYjczMC1lY2FhLTExZTYtOGY4OC0zNDM2M2JjN2M0YzAiOnsiY3JlYXRlIjoxODAwMDAwMDAwMDAwLCJkZWxldGUiOjE4MDAwMDAwMDAwMDAsInJlYWQiOjMwMDAwMDAwMDAwMCwidXBkYXRlIjoxODAwMDAwMDAwMDAwfX0=",
          "dependencies": [
            "module.vm.azurerm_key_vault.key_vault",
            "module.vm.azurerm_resource_group.example",
            "module.vm.data.azurerm_client_config.example"
          ]
        }
      ]
    },
    {
      "module": "module.vm",
      "mode": "managed",
      "type": "azurerm_storage_account",
      "name": "example",
      "provider": "module.vm.provider[\"registry.terraform.io/hashicorp/azurerm\"]",
      "instances": [
        {
          "schema_version": 4,
          "attributes": {
            "access_tier": "Hot",
            "account_kind": "StorageV2",
            "account_replication_type": "LRS",
            "account_tier": "Standard",
            "allow_nested_items_to_be_public": true,
            "allowed_copy_scope": "",
            "azure_files_authentication": [],
            "blob_properties": [
              {
                "change_feed_enabled": false,
                "change_feed_retention_in_days": 0,
                "container_delete_retention_policy": [],
                "cors_rule": [],
                "default_service_version": "",
                "delete_retention_policy": [],
                "last_access_time_enabled": false,
                "restore_policy": [],
                "versioning_enabled": false
              }
            ],
            "cross_tenant_replication_enabled": true,
            "custom_domain": [],
            "customer_managed_key": [
              {
                "key_vault_key_id": "https://kvforstrg.vault.azure.net/keys/adminuser",
                "user_assigned_identity_id": ""
              }
            ],
            "default_to_oauth_authentication": false,
            "edge_zone": "",
            "enable_https_traffic_only": true,
            "id": "/subscriptions/6f8f7a75-bd4d-4499-b215-7b97c368bac1/resourceGroups/rg1/providers/Microsoft.Storage/storageAccounts/teststorageacnt18",
            "identity": [
              {
                "identity_ids": [],
                "principal_id": "fbe63f71-35ae-43ea-b059-b141f06f35b4",
                "tenant_id": "fa29e640-18ad-4c6d-9baa-d60805ad28c0",
                "type": "SystemAssigned"
              }
            ],
            "immutability_policy": [],
            "infrastructure_encryption_enabled": false,
            "is_hns_enabled": false,
            "large_file_share_enabled": null,
            "location": "eastus",
            "min_tls_version": "TLS1_2",
            "name": "teststorageacnt18",
            "network_rules": [
              {
                "bypass": [
                  "AzureServices"
                ],
                "default_action": "Deny",
                "ip_rules": [
                  "0.0.0.0/0",
                  "49.204.2.89"
                ],
                "private_link_access": [],
                "virtual_network_subnet_ids": [
                  "/subscriptions/6f8f7a75-bd4d-4499-b215-7b97c368bac1/resourceGroups/rg1/providers/Microsoft.Network/virtualNetworks/vnet1/subnets/internal",
                  "/subscriptions/6f8f7a75-bd4d-4499-b215-7b97c368bac1/resourceGroups/rg1/providers/Microsoft.Network/virtualNetworks/vnet1/subnets/st-subnet"
                ]
              }
            ],
            "nfsv3_enabled": false,
            "primary_access_key": "nyQtZCs9RQMikC4M5DoPlvt0uRJAOfiZjX2fz4hNtnxaiNUMDA5pmPG2k4BZsY1om+RQ5QqTqnen+AStwsa84g==",
            "primary_blob_connection_string": "DefaultEndpointsProtocol=https;BlobEndpoint=https://teststorageacnt18.blob.core.windows.net/;AccountName=teststorageacnt18;AccountKey=nyQtZCs9RQMikC4M5DoPlvt0uRJAOfiZjX2fz4hNtnxaiNUMDA5pmPG2k4BZsY1om+RQ5QqTqnen+AStwsa84g==",
            "primary_blob_endpoint": "https://teststorageacnt18.blob.core.windows.net/",
            "primary_blob_host": "teststorageacnt18.blob.core.windows.net",
            "primary_connection_string": "DefaultEndpointsProtocol=https;AccountName=teststorageacnt18;AccountKey=nyQtZCs9RQMikC4M5DoPlvt0uRJAOfiZjX2fz4hNtnxaiNUMDA5pmPG2k4BZsY1om+RQ5QqTqnen+AStwsa84g==;EndpointSuffix=core.windows.net",
            "primary_dfs_endpoint": "https://teststorageacnt18.dfs.core.windows.net/",
            "primary_dfs_host": "teststorageacnt18.dfs.core.windows.net",
            "primary_file_endpoint": "https://teststorageacnt18.file.core.windows.net/",
            "primary_file_host": "teststorageacnt18.file.core.windows.net",
            "primary_location": "eastus",
            "primary_queue_endpoint": "https://teststorageacnt18.queue.core.windows.net/",
            "primary_queue_host": "teststorageacnt18.queue.core.windows.net",
            "primary_table_endpoint": "https://teststorageacnt18.table.core.windows.net/",
            "primary_table_host": "teststorageacnt18.table.core.windows.net",
            "primary_web_endpoint": "https://teststorageacnt18.z13.web.core.windows.net/",
            "primary_web_host": "teststorageacnt18.z13.web.core.windows.net",
            "public_network_access_enabled": true,
            "queue_encryption_key_type": "Service",
            "queue_properties": [
              {
                "cors_rule": [],
                "hour_metrics": [
                  {
                    "enabled": true,
                    "include_apis": true,
                    "retention_policy_days": 7,
                    "version": "1.0"
                  }
                ],
                "logging": [
                  {
                    "delete": false,
                    "read": false,
                    "retention_policy_days": 0,
                    "version": "1.0",
                    "write": false
                  }
                ],
                "minute_metrics": [
                  {
                    "enabled": false,
                    "include_apis": false,
                    "retention_policy_days": 0,
                    "version": "1.0"
                  }
                ]
              }
            ],
            "resource_group_name": "rg1",
            "routing": [],
            "sas_policy": [],
            "secondary_access_key": "Cbq02xSSQSkoq/3XEEoFzHAuwChBAqLvYly1q1fFnhGkul2JkBEPIp8cbLoGTO7xDsUQAxfi8VTh+AStiWx/6w==",
            "secondary_blob_connection_string": "",
            "secondary_blob_endpoint": null,
            "secondary_blob_host": null,
            "secondary_connection_string": "DefaultEndpointsProtocol=https;AccountName=teststorageacnt18;AccountKey=Cbq02xSSQSkoq/3XEEoFzHAuwChBAqLvYly1q1fFnhGkul2JkBEPIp8cbLoGTO7xDsUQAxfi8VTh+AStiWx/6w==;EndpointSuffix=core.windows.net",
            "secondary_dfs_endpoint": null,
            "secondary_dfs_host": null,
            "secondary_file_endpoint": null,
            "secondary_file_host": null,
            "secondary_location": "",
            "secondary_queue_endpoint": null,
            "secondary_queue_host": null,
            "secondary_table_endpoint": null,
            "secondary_table_host": null,
            "secondary_web_endpoint": null,
            "secondary_web_host": null,
            "sftp_enabled": false,
            "share_properties": [
              {
                "cors_rule": [],
                "retention_policy": [
                  {
                    "days": 7
                  }
                ],
                "smb": []
              }
            ],
            "shared_access_key_enabled": true,
            "static_website": [],
            "table_encryption_key_type": "Service",
            "tags": {},
            "timeouts": null
          },
          "sensitive_attributes": [],
          "private": "eyJlMmJmYjczMC1lY2FhLTExZTYtOGY4OC0zNDM2M2JjN2M0YzAiOnsiY3JlYXRlIjozNjAwMDAwMDAwMDAwLCJkZWxldGUiOjM2MDAwMDAwMDAwMDAsInJlYWQiOjMwMDAwMDAwMDAwMCwidXBkYXRlIjozNjAwMDAwMDAwMDAwfSwic2NoZW1hX3ZlcnNpb24iOiI0In0=",
          "dependencies": [
            "module.vm.azurerm_resource_group.example"
          ]
        }
      ]
    },
    {
      "module": "module.vm",
      "mode": "managed",
      "type": "azurerm_storage_account_network_rules",
      "name": "example",
      "provider": "module.vm.provider[\"registry.terraform.io/hashicorp/azurerm\"]",
      "instances": [
        {
          "schema_version": 0,
          "attributes": {
            "bypass": [
              "AzureServices"
            ],
            "default_action": "Deny",
            "id": "/subscriptions/6f8f7a75-bd4d-4499-b215-7b97c368bac1/resourceGroups/rg1/providers/Microsoft.Storage/storageAccounts/teststorageacnt18",
            "ip_rules": [
              "0.0.0.0/0",
              "49.204.2.89"
            ],
            "private_link_access": [],
            "storage_account_id": "/subscriptions/6f8f7a75-bd4d-4499-b215-7b97c368bac1/resourceGroups/rg1/providers/Microsoft.Storage/storageAccounts/teststorageacnt18",
            "timeouts": null,
            "virtual_network_subnet_ids": [
              "/subscriptions/6f8f7a75-bd4d-4499-b215-7b97c368bac1/resourceGroups/rg1/providers/Microsoft.Network/virtualNetworks/vnet1/subnets/internal",
              "/subscriptions/6f8f7a75-bd4d-4499-b215-7b97c368bac1/resourceGroups/rg1/providers/Microsoft.Network/virtualNetworks/vnet1/subnets/st-subnet"
            ]
          },
          "sensitive_attributes": [],
          "private": "eyJlMmJmYjczMC1lY2FhLTExZTYtOGY4OC0zNDM2M2JjN2M0YzAiOnsiY3JlYXRlIjozNjAwMDAwMDAwMDAwLCJkZWxldGUiOjM2MDAwMDAwMDAwMDAsInJlYWQiOjMwMDAwMDAwMDAwMCwidXBkYXRlIjozNjAwMDAwMDAwMDAwfX0=",
          "dependencies": [
            "module.vm.azurerm_resource_group.example",
            "module.vm.azurerm_storage_account.example",
            "module.vm.azurerm_subnet.storage",
            "module.vm.azurerm_subnet.vm_subnet",
            "module.vm.azurerm_virtual_network.vnet1"
          ]
        }
      ]
    },
    {
      "module": "module.vm",
      "mode": "managed",
      "type": "azurerm_storage_container",
      "name": "container",
      "provider": "module.vm.provider[\"registry.terraform.io/hashicorp/azurerm\"]",
      "instances": [
        {
          "schema_version": 1,
          "attributes": {
            "container_access_type": "private",
            "has_immutability_policy": false,
            "has_legal_hold": false,
            "id": "https://teststorageacnt18.blob.core.windows.net/tfstate",
            "metadata": {},
            "name": "tfstate",
            "resource_manager_id": "/subscriptions/6f8f7a75-bd4d-4499-b215-7b97c368bac1/resourceGroups/rg1/providers/Microsoft.Storage/storageAccounts/teststorageacnt18/blobServices/default/containers/tfstate",
            "storage_account_name": "teststorageacnt18",
            "timeouts": null
          },
          "sensitive_attributes": [],
          "private": "eyJlMmJmYjczMC1lY2FhLTExZTYtOGY4OC0zNDM2M2JjN2M0YzAiOnsiY3JlYXRlIjoxODAwMDAwMDAwMDAwLCJkZWxldGUiOjE4MDAwMDAwMDAwMDAsInJlYWQiOjMwMDAwMDAwMDAwMCwidXBkYXRlIjoxODAwMDAwMDAwMDAwfSwic2NoZW1hX3ZlcnNpb24iOiIxIn0=",
          "dependencies": [
            "module.vm.azurerm_resource_group.example",
            "module.vm.azurerm_storage_account.example"
          ]
        }
      ]
    },
    {
      "module": "module.vm",
      "mode": "managed",
      "type": "azurerm_subnet",
      "name": "storage",
      "provider": "module.vm.provider[\"registry.terraform.io/hashicorp/azurerm\"]",
      "instances": [
        {
          "schema_version": 0,
          "attributes": {
            "address_prefixes": [
              "10.0.3.0/24"
            ],
            "delegation": [],
            "enforce_private_link_endpoint_network_policies": true,
            "enforce_private_link_service_network_policies": false,
            "id": "/subscriptions/6f8f7a75-bd4d-4499-b215-7b97c368bac1/resourceGroups/rg1/providers/Microsoft.Network/virtualNetworks/vnet1/subnets/st-subnet",
            "name": "st-subnet",
            "private_endpoint_network_policies_enabled": false,
            "private_link_service_network_policies_enabled": true,
            "resource_group_name": "rg1",
            "service_endpoint_policy_ids": [],
            "service_endpoints": [
              "Microsoft.Storage"
            ],
            "timeouts": null,
            "virtual_network_name": "vnet1"
          },
          "sensitive_attributes": [],
          "private": "eyJlMmJmYjczMC1lY2FhLTExZTYtOGY4OC0zNDM2M2JjN2M0YzAiOnsiY3JlYXRlIjoxODAwMDAwMDAwMDAwLCJkZWxldGUiOjE4MDAwMDAwMDAwMDAsInJlYWQiOjMwMDAwMDAwMDAwMCwidXBkYXRlIjoxODAwMDAwMDAwMDAwfX0=",
          "dependencies": [
            "module.vm.azurerm_virtual_network.vnet1"
          ]
        }
      ]
    },
    {
      "module": "module.vm",
      "mode": "managed",
      "type": "azurerm_subnet",
      "name": "vm_subnet",
      "provider": "module.vm.provider[\"registry.terraform.io/hashicorp/azurerm\"]",
      "instances": [
        {
          "schema_version": 0,
          "attributes": {
            "address_prefixes": [
              "10.0.2.0/24"
            ],
            "delegation": [],
            "enforce_private_link_endpoint_network_policies": false,
            "enforce_private_link_service_network_policies": false,
            "id": "/subscriptions/6f8f7a75-bd4d-4499-b215-7b97c368bac1/resourceGroups/rg1/providers/Microsoft.Network/virtualNetworks/vnet1/subnets/internal",
            "name": "internal",
            "private_endpoint_network_policies_enabled": true,
            "private_link_service_network_policies_enabled": true,
            "resource_group_name": "rg1",
            "service_endpoint_policy_ids": [],
            "service_endpoints": [
              "Microsoft.Storage"
            ],
            "timeouts": null,
            "virtual_network_name": "vnet1"
          },
          "sensitive_attributes": [],
          "private": "eyJlMmJmYjczMC1lY2FhLTExZTYtOGY4OC0zNDM2M2JjN2M0YzAiOnsiY3JlYXRlIjoxODAwMDAwMDAwMDAwLCJkZWxldGUiOjE4MDAwMDAwMDAwMDAsInJlYWQiOjMwMDAwMDAwMDAwMCwidXBkYXRlIjoxODAwMDAwMDAwMDAwfX0=",
          "dependencies": [
            "module.vm.azurerm_virtual_network.vnet1"
          ]
        }
      ]
    },
    {
      "module": "module.vm",
      "mode": "managed",
      "type": "azurerm_user_assigned_identity",
      "name": "example",
      "provider": "module.vm.provider[\"registry.terraform.io/hashicorp/azurerm\"]",
      "instances": [
        {
          "schema_version": 1,
          "attributes": {
            "client_id": "0edc179e-0c84-4793-b463-26aaf8a6dcd3",
            "id": "/subscriptions/6f8f7a75-bd4d-4499-b215-7b97c368bac1/resourceGroups/rg1/providers/Microsoft.ManagedIdentity/userAssignedIdentities/my-tf-identity",
            "location": "eastus",
            "name": "my-tf-identity",
            "principal_id": "357f769c-ee1f-4ed3-8e9d-a7c94bddf3ea",
            "resource_group_name": "rg1",
            "tags": null,
            "tenant_id": "fa29e640-18ad-4c6d-9baa-d60805ad28c0",
            "timeouts": null
          },
          "sensitive_attributes": [],
          "private": "eyJlMmJmYjczMC1lY2FhLTExZTYtOGY4OC0zNDM2M2JjN2M0YzAiOnsiY3JlYXRlIjoxODAwMDAwMDAwMDAwLCJkZWxldGUiOjE4MDAwMDAwMDAwMDAsInJlYWQiOjMwMDAwMDAwMDAwMCwidXBkYXRlIjoxODAwMDAwMDAwMDAwfSwic2NoZW1hX3ZlcnNpb24iOiIxIn0="
        }
      ]
    },
    {
      "module": "module.vm",
      "mode": "managed",
      "type": "azurerm_virtual_network",
      "name": "vnet1",
      "provider": "module.vm.provider[\"registry.terraform.io/hashicorp/azurerm\"]",
      "instances": [
        {
          "schema_version": 0,
          "attributes": {
            "address_space": [
              "10.0.0.0/16"
            ],
            "bgp_community": "",
            "ddos_protection_plan": [],
            "dns_servers": [],
            "edge_zone": "",
            "encryption": [],
            "flow_timeout_in_minutes": 0,
            "guid": "bb4ae188-8478-4db6-a7a7-26309d61df1e",
            "id": "/subscriptions/6f8f7a75-bd4d-4499-b215-7b97c368bac1/resourceGroups/rg1/providers/Microsoft.Network/virtualNetworks/vnet1",
            "location": "eastus",
            "name": "vnet1",
            "resource_group_name": "rg1",
            "subnet": [
              {
                "address_prefix": "10.0.2.0/24",
                "id": "/subscriptions/6f8f7a75-bd4d-4499-b215-7b97c368bac1/resourceGroups/rg1/providers/Microsoft.Network/virtualNetworks/vnet1/subnets/internal",
                "name": "internal",
                "security_group": ""
              },
              {
                "address_prefix": "10.0.3.0/24",
                "id": "/subscriptions/6f8f7a75-bd4d-4499-b215-7b97c368bac1/resourceGroups/rg1/providers/Microsoft.Network/virtualNetworks/vnet1/subnets/st-subnet",
                "name": "st-subnet",
                "security_group": ""
              }
            ],
            "tags": {},
            "timeouts": null
          },
          "sensitive_attributes": [],
          "private": "eyJlMmJmYjczMC1lY2FhLTExZTYtOGY4OC0zNDM2M2JjN2M0YzAiOnsiY3JlYXRlIjoxODAwMDAwMDAwMDAwLCJkZWxldGUiOjE4MDAwMDAwMDAwMDAsInJlYWQiOjMwMDAwMDAwMDAwMCwidXBkYXRlIjoxODAwMDAwMDAwMDAwfX0="
        }
      ]
    },
    {
      "module": "module.vm",
      "mode": "managed",
      "type": "tls_private_key",
      "name": "linuxsrvuserprivkey",
      "provider": "provider[\"registry.terraform.io/hashicorp/tls\"]",
      "instances": [
        {
          "schema_version": 1,
          "attributes": {
            "algorithm": "RSA",
            "ecdsa_curve": "P224",
            "id": "06ce5c22036c689663c1019d1fa798879454f1c3",
            "private_key_openssh": "-----BEGIN OPENSSH PRIVATE KEY-----\nb3BlbnNzaC1rZXktdjEAAAAABG5vbmUAAAAEbm9uZQAAAAAAAAABAAACFwAAAAdz\nc2gtcnNhAAAAAwEAAQAAAgEA07oODXP/a97ldIbjSD8lXF/2UqMjqzPhcLgMOG+e\npFucPub21TJifVBPZbyaYVdy/SlaFlNCottIWqvEYshnKDkufq+2nvj2FL3Jc+yT\nOhaFRJUnz6mPArznw95P9qtLsAlbytHCSX7qK7kUkS2j14cUK9GXB7aXYpJpTngd\n5pjrOCEtakGdpAboUv5/jEMaB7DG4lCu90sciWs7C81IeAFoDQ4ePc7/Tf39d+h+\nQFOwi7YJ0CEVRRB5hp1+TEEupin+Ka+3TE5CE/mhjFE+c3BmyJtXOJp3zM9u4O39\nSBrVV7IiO7TZsxBwSWdGRZvwZOo0yqGaLsKETD0YBxUY159Xhoy4gg6Zm7mKr+7t\nj812ZqUHn9I3p5/V9SZKejzW+W0c+21x9BFH9RforrJ3KLdwEo53Cy5rlo7NKsuX\ns3dbZC2nmvztheiMSnCmXWTJyDDmZG7oUsydN6xcciunnYyAfS6mOHAT1fUplOyo\n8kK0wqZz0P1OrFRWj9g7kgGsullA+ZWySkNuM8aWcZ3H6aK7P8l6wpXiFeCPnk+b\nemtbOS+CCHDYBEtU6auysa6yAlvjFhQVQon3GAmNfq6slQw2Ygjn1DVkoPwABzb3\nRQxVtgWlCLs55bd7r8QQWBRTO88eJXzUDyKItjWl5+tYKDcVDfucMd9j9N8kuRH/\nYkcAAAc405z3VtOc91YAAAAHc3NoLXJzYQAAAgEA07oODXP/a97ldIbjSD8lXF/2\nUqMjqzPhcLgMOG+epFucPub21TJifVBPZbyaYVdy/SlaFlNCottIWqvEYshnKDku\nfq+2nvj2FL3Jc+yTOhaFRJUnz6mPArznw95P9qtLsAlbytHCSX7qK7kUkS2j14cU\nK9GXB7aXYpJpTngd5pjrOCEtakGdpAboUv5/jEMaB7DG4lCu90sciWs7C81IeAFo\nDQ4ePc7/Tf39d+h+QFOwi7YJ0CEVRRB5hp1+TEEupin+Ka+3TE5CE/mhjFE+c3Bm\nyJtXOJp3zM9u4O39SBrVV7IiO7TZsxBwSWdGRZvwZOo0yqGaLsKETD0YBxUY159X\nhoy4gg6Zm7mKr+7tj812ZqUHn9I3p5/V9SZKejzW+W0c+21x9BFH9RforrJ3KLdw\nEo53Cy5rlo7NKsuXs3dbZC2nmvztheiMSnCmXWTJyDDmZG7oUsydN6xcciunnYyA\nfS6mOHAT1fUplOyo8kK0wqZz0P1OrFRWj9g7kgGsullA+ZWySkNuM8aWcZ3H6aK7\nP8l6wpXiFeCPnk+bemtbOS+CCHDYBEtU6auysa6yAlvjFhQVQon3GAmNfq6slQw2\nYgjn1DVkoPwABzb3RQxVtgWlCLs55bd7r8QQWBRTO88eJXzUDyKItjWl5+tYKDcV\nDfucMd9j9N8kuRH/YkcAAAADAQABAAACAA/WLNLoyEQjSfprVHjE8GB2dRA9T5+w\no74wpglan/0fNRKnZ/MOb7t71FSBxPJe/iTdgPWGiMdxq3nMu0XAQ6cIj+e98OT3\nLkDi6TyYh3Ki2JkGpxGrVx0XUCagbE7BBUpHiOwkwGmK6q0WjOlHBqhKXEHizW8w\nQyaGWQYbifEDoyRxptn5ynbIZXw/uP6ezkWg/V9UNaIdpibJNINveWowgL3pPm3V\nG9eTle/wHfFl0SDCHv3IW7TsxIpDIX1GqtyW64HmuMkmWV7xHxpFwWwVDjsXE3ES\nbL+PDHYalwVbrHWAx3q7zkTMh/mVlfYC8fo6YnR9nfC9b/Pb5f4xn8fuFoIxo/TT\nEOq96ZvqyG6HPaPsOEeGHL8CvAFzcecdjKeNE1GXNxujJLsTB/HB2blMRS1MjXdr\ndr2fxFUVOBcPXgpGqm0EmAnNUhvYTg7irelDuvKycvCq9NB+lGLhqTCe/tXizgJl\nRLxUhBmachcvfbLr7a/dSb/I9fAnO2gQncGOPk2XWNpzZQhzhT++w5p3cZY38nE4\nGB6xYEEJd3y6uj9/QcxFm5ZzgTsDreHaOBsKSRD4Pu9L/pZOZ5yOPVA8gJZiqxK9\najGTOgVUWFYqJDcdLXzwxL3yXK514yiLZZIq15DAvOLEFiPBihacOAdzMiTZ7+0Y\nRClqhsk+zT8BAAABAQCSFE+Kanrkspfh45AC2lkbhHVqqmG7qdaNNkU/oYsr/yT1\nVpHHTNm9ddhHgusvCXh5kIpMakw4qljrb6PiUKJgPQCxLkj7aT7g2xVt9au3GZIM\nKPjxVijhQAYuOgXnFG/NK88onHYqvIdtbnwi5Oz5I5mmRLcSRXI8c8W5May4nbqH\nRyUJaohcUbeXVuWQLpQyWs/97Wtegl7IVUhJBr7XWbBtNSVNyZqxgeqS13crns3k\nqOoN+WM3A6xoTMtJ0ke6KK5AMhr7D0NqXfZCnuQBSo6w1UohzSdfJ5+AJv1XokD3\nj63m2SO4dGPUkvgLNJu2z4YpXtI070sNc+dOjvgJAAABAQDVKcQUHV/xa9yfQ9Y3\nomXKaqtZIHrASiUdzbbQMY7WGwQePYpacQjSxQsdjVbUnNN61bivq9WhRpzcXJUh\nznTTUrcS+MG17sI2BNdh2TFF/1tJ+I3brV1P2ZTUAdenW78fLuu1jBSxhueNo9q3\noY/mEyD9t41HkGg5TsWNT47vnW3b5Q+gOHyjz+kL8BODcUgT1n8G2yztA7GGHVjD\nO8ZPOH55Dlx9Le8eVXDvtW+kNGw3jhGv8iDmKp9qab/UXocSJAZH0QT0odBqT2ah\n3oSFAwjvl620ejFwDS7W0cDbTntsMXsjVObh5M5vKq+SBUamZ3KrPiVhhGq3ZSWv\n6uIHAAABAQD+RmT7rejS02jj8icXQyhbm7QY0VQnvj20Upmm3mZdPdVBxYEG2epl\nPfesSBVy7RLPA1fLo9WEDJUWgKAG5EgsfSdFQsMvizmm1e7OXNRYnOOtXhi4vuv8\n8qqAXQi0wZDq5Hq47L8zDfHJKHMnkja5iwyh6iCrUZW/BuV+BQL3BG1j/Fp3fUKy\nIedEOPH/18SZBavlKS9guvF83U72kbk3cyRVqofy1g1JAaNNH7//vBWmx/KrywB7\nR36F+N89OSPrnW+InIhpjRPCR2uBD239iYy9PZqfDKT42sW6S0+LAOjj7kDXlVNx\nXqpFz4BMBowq98L/5weSl7JU2+SPYm3BAAAAAAEC\n-----END OPENSSH PRIVATE KEY-----\n",
            "private_key_pem": "-----BEGIN RSA PRIVATE KEY-----\nMIIJKQIBAAKCAgEA07oODXP/a97ldIbjSD8lXF/2UqMjqzPhcLgMOG+epFucPub2\n1TJifVBPZbyaYVdy/SlaFlNCottIWqvEYshnKDkufq+2nvj2FL3Jc+yTOhaFRJUn\nz6mPArznw95P9qtLsAlbytHCSX7qK7kUkS2j14cUK9GXB7aXYpJpTngd5pjrOCEt\nakGdpAboUv5/jEMaB7DG4lCu90sciWs7C81IeAFoDQ4ePc7/Tf39d+h+QFOwi7YJ\n0CEVRRB5hp1+TEEupin+Ka+3TE5CE/mhjFE+c3BmyJtXOJp3zM9u4O39SBrVV7Ii\nO7TZsxBwSWdGRZvwZOo0yqGaLsKETD0YBxUY159Xhoy4gg6Zm7mKr+7tj812ZqUH\nn9I3p5/V9SZKejzW+W0c+21x9BFH9RforrJ3KLdwEo53Cy5rlo7NKsuXs3dbZC2n\nmvztheiMSnCmXWTJyDDmZG7oUsydN6xcciunnYyAfS6mOHAT1fUplOyo8kK0wqZz\n0P1OrFRWj9g7kgGsullA+ZWySkNuM8aWcZ3H6aK7P8l6wpXiFeCPnk+bemtbOS+C\nCHDYBEtU6auysa6yAlvjFhQVQon3GAmNfq6slQw2Ygjn1DVkoPwABzb3RQxVtgWl\nCLs55bd7r8QQWBRTO88eJXzUDyKItjWl5+tYKDcVDfucMd9j9N8kuRH/YkcCAwEA\nAQKCAgAP1izS6MhEI0n6a1R4xPBgdnUQPU+fsKO+MKYJWp/9HzUSp2fzDm+7e9RU\ngcTyXv4k3YD1hojHcat5zLtFwEOnCI/nvfDk9y5A4uk8mIdyotiZBqcRq1cdF1Am\noGxOwQVKR4jsJMBpiuqtFozpRwaoSlxB4s1vMEMmhlkGG4nxA6MkcabZ+cp2yGV8\nP7j+ns5FoP1fVDWiHaYmyTSDb3lqMIC96T5t1RvXk5Xv8B3xZdEgwh79yFu07MSK\nQyF9RqrcluuB5rjJJlle8R8aRcFsFQ47FxNxEmy/jwx2GpcFW6x1gMd6u85EzIf5\nlZX2AvH6OmJ0fZ3wvW/z2+X+MZ/H7haCMaP00xDqvemb6shuhz2j7DhHhhy/ArwB\nc3HnHYynjRNRlzcboyS7Ewfxwdm5TEUtTI13a3a9n8RVFTgXD14KRqptBJgJzVIb\n2E4O4q3pQ7rysnLwqvTQfpRi4akwnv7V4s4CZUS8VIQZmnIXL32y6+2v3Um/yPXw\nJztoEJ3Bjj5Nl1jac2UIc4U/vsOad3GWN/JxOBgesWBBCXd8uro/f0HMRZuWc4E7\nA63h2jgbCkkQ+D7vS/6WTmecjj1QPICWYqsSvWoxkzoFVFhWKiQ3HS188MS98lyu\ndeMoi2WSKteQwLzixBYjwYoWnDgHczIk2e/tGEQpaobJPs0/AQKCAQEA1SnEFB1f\n8Wvcn0PWN6JlymqrWSB6wEolHc220DGO1hsEHj2KWnEI0sULHY1W1JzTetW4r6vV\noUac3FyVIc5001K3EvjBte7CNgTXYdkxRf9bSfiN261dT9mU1AHXp1u/Hy7rtYwU\nsYbnjaPat6GP5hMg/beNR5BoOU7FjU+O751t2+UPoDh8o8/pC/ATg3FIE9Z/Btss\n7QOxhh1YwzvGTzh+eQ5cfS3vHlVw77VvpDRsN44Rr/Ig5iqfamm/1F6HEiQGR9EE\n9KHQak9mod6EhQMI75ettHoxcA0u1tHA2057bDF7I1Tm4eTObyqvkgVGpmdyqz4l\nYYRqt2Ulr+riBwKCAQEA/kZk+63o0tNo4/InF0MoW5u0GNFUJ749tFKZpt5mXT3V\nQcWBBtnqZT33rEgVcu0SzwNXy6PVhAyVFoCgBuRILH0nRULDL4s5ptXuzlzUWJzj\nrV4YuL7r/PKqgF0ItMGQ6uR6uOy/Mw3xyShzJ5I2uYsMoeogq1GVvwblfgUC9wRt\nY/xad31CsiHnRDjx/9fEmQWr5SkvYLrxfN1O9pG5N3MkVaqH8tYNSQGjTR+//7wV\npsfyq8sAe0d+hfjfPTkj651viJyIaY0TwkdrgQ9t/YmMvT2anwyk+NrFuktPiwDo\n4+5A15VTcV6qRc+ATAaMKvfC/+cHkpeyVNvkj2JtwQKCAQA+42aU5KG0sTTSzAm8\nOi47zMKmtd1hM77FjzZ7L9PLOQc7AL77tdN7k2SXIGbYrTf7SmiFc3XAcfu/S5U3\n9xgibInUkA1eZoVnuH/uv0w5MYA2T51SjVA1SaUN80kzd+7n/UjPM/e69GkGMaxK\nduDkaQpXsDp/PYxyM9o2uZ0a9mA9+tNkWqXzEljYC8lGAzrXl3W8iRc1CdzrC2dv\nmggEwU8W2fTRfabJVT3PisDYOhsfPMvdE9s+7J5Bn9dXiVfiMzyjHXiPz9mUM768\nzNBeCaouPZqi31YMj+ccu59hVEM3hVWl89t2E7IPvBE2TFYuq+B5wwj2P0HYv3+h\n6fMrAoIBAQDEjd3ZvyFOdyWJrtIQ5VT5G28oEAghgKlqDr+/ggNW6ElFQkru5NyP\nzkr53e7Wm/QCGe9v9wFBxggpENyi9yvjWAtXOrhutAyoro6e7psmtIA6r5YkmVEK\ngvrRpxjnwQkoyd0jvb4+1PSmLqJ1YEz1OEtXjgga5kH/HHGh7HXSRJXayGOWIjnA\nQPzoe6x1vHC4aO3rgt6gw2GQx/IWH6cw+cyIe/4C9PvoB2AYagacxONnvQAVVCLX\nKPjgzvSh+t2NcHGbBIVeMjOn5lVvumGnrwAf+NLhR4Du7Q4TZ8vhA58DMlTlUQTj\nie3NcQ0Xt6f6PvN5pTjxVFoBxsjzHX8BAoIBAQCSFE+Kanrkspfh45AC2lkbhHVq\nqmG7qdaNNkU/oYsr/yT1VpHHTNm9ddhHgusvCXh5kIpMakw4qljrb6PiUKJgPQCx\nLkj7aT7g2xVt9au3GZIMKPjxVijhQAYuOgXnFG/NK88onHYqvIdtbnwi5Oz5I5mm\nRLcSRXI8c8W5May4nbqHRyUJaohcUbeXVuWQLpQyWs/97Wtegl7IVUhJBr7XWbBt\nNSVNyZqxgeqS13crns3kqOoN+WM3A6xoTMtJ0ke6KK5AMhr7D0NqXfZCnuQBSo6w\n1UohzSdfJ5+AJv1XokD3j63m2SO4dGPUkvgLNJu2z4YpXtI070sNc+dOjvgJ\n-----END RSA PRIVATE KEY-----\n",
            "private_key_pem_pkcs8": "-----BEGIN PRIVATE KEY-----\nMIIJQwIBADANBgkqhkiG9w0BAQEFAASCCS0wggkpAgEAAoICAQDTug4Nc/9r3uV0\nhuNIPyVcX/ZSoyOrM+FwuAw4b56kW5w+5vbVMmJ9UE9lvJphV3L9KVoWU0Ki20ha\nq8RiyGcoOS5+r7ae+PYUvclz7JM6FoVElSfPqY8CvOfD3k/2q0uwCVvK0cJJfuor\nuRSRLaPXhxQr0ZcHtpdikmlOeB3mmOs4IS1qQZ2kBuhS/n+MQxoHsMbiUK73SxyJ\nazsLzUh4AWgNDh49zv9N/f136H5AU7CLtgnQIRVFEHmGnX5MQS6mKf4pr7dMTkIT\n+aGMUT5zcGbIm1c4mnfMz27g7f1IGtVXsiI7tNmzEHBJZ0ZFm/Bk6jTKoZouwoRM\nPRgHFRjXn1eGjLiCDpmbuYqv7u2PzXZmpQef0jenn9X1Jkp6PNb5bRz7bXH0EUf1\nF+iusncot3ASjncLLmuWjs0qy5ezd1tkLaea/O2F6IxKcKZdZMnIMOZkbuhSzJ03\nrFxyK6edjIB9LqY4cBPV9SmU7KjyQrTCpnPQ/U6sVFaP2DuSAay6WUD5lbJKQ24z\nxpZxncfpors/yXrCleIV4I+eT5t6a1s5L4IIcNgES1Tpq7KxrrICW+MWFBVCifcY\nCY1+rqyVDDZiCOfUNWSg/AAHNvdFDFW2BaUIuznlt3uvxBBYFFM7zx4lfNQPIoi2\nNaXn61goNxUN+5wx32P03yS5Ef9iRwIDAQABAoICAA/WLNLoyEQjSfprVHjE8GB2\ndRA9T5+wo74wpglan/0fNRKnZ/MOb7t71FSBxPJe/iTdgPWGiMdxq3nMu0XAQ6cI\nj+e98OT3LkDi6TyYh3Ki2JkGpxGrVx0XUCagbE7BBUpHiOwkwGmK6q0WjOlHBqhK\nXEHizW8wQyaGWQYbifEDoyRxptn5ynbIZXw/uP6ezkWg/V9UNaIdpibJNINveWow\ngL3pPm3VG9eTle/wHfFl0SDCHv3IW7TsxIpDIX1GqtyW64HmuMkmWV7xHxpFwWwV\nDjsXE3ESbL+PDHYalwVbrHWAx3q7zkTMh/mVlfYC8fo6YnR9nfC9b/Pb5f4xn8fu\nFoIxo/TTEOq96ZvqyG6HPaPsOEeGHL8CvAFzcecdjKeNE1GXNxujJLsTB/HB2blM\nRS1MjXdrdr2fxFUVOBcPXgpGqm0EmAnNUhvYTg7irelDuvKycvCq9NB+lGLhqTCe\n/tXizgJlRLxUhBmachcvfbLr7a/dSb/I9fAnO2gQncGOPk2XWNpzZQhzhT++w5p3\ncZY38nE4GB6xYEEJd3y6uj9/QcxFm5ZzgTsDreHaOBsKSRD4Pu9L/pZOZ5yOPVA8\ngJZiqxK9ajGTOgVUWFYqJDcdLXzwxL3yXK514yiLZZIq15DAvOLEFiPBihacOAdz\nMiTZ7+0YRClqhsk+zT8BAoIBAQDVKcQUHV/xa9yfQ9Y3omXKaqtZIHrASiUdzbbQ\nMY7WGwQePYpacQjSxQsdjVbUnNN61bivq9WhRpzcXJUhznTTUrcS+MG17sI2BNdh\n2TFF/1tJ+I3brV1P2ZTUAdenW78fLuu1jBSxhueNo9q3oY/mEyD9t41HkGg5TsWN\nT47vnW3b5Q+gOHyjz+kL8BODcUgT1n8G2yztA7GGHVjDO8ZPOH55Dlx9Le8eVXDv\ntW+kNGw3jhGv8iDmKp9qab/UXocSJAZH0QT0odBqT2ah3oSFAwjvl620ejFwDS7W\n0cDbTntsMXsjVObh5M5vKq+SBUamZ3KrPiVhhGq3ZSWv6uIHAoIBAQD+RmT7rejS\n02jj8icXQyhbm7QY0VQnvj20Upmm3mZdPdVBxYEG2eplPfesSBVy7RLPA1fLo9WE\nDJUWgKAG5EgsfSdFQsMvizmm1e7OXNRYnOOtXhi4vuv88qqAXQi0wZDq5Hq47L8z\nDfHJKHMnkja5iwyh6iCrUZW/BuV+BQL3BG1j/Fp3fUKyIedEOPH/18SZBavlKS9g\nuvF83U72kbk3cyRVqofy1g1JAaNNH7//vBWmx/KrywB7R36F+N89OSPrnW+InIhp\njRPCR2uBD239iYy9PZqfDKT42sW6S0+LAOjj7kDXlVNxXqpFz4BMBowq98L/5weS\nl7JU2+SPYm3BAoIBAD7jZpTkobSxNNLMCbw6LjvMwqa13WEzvsWPNnsv08s5BzsA\nvvu103uTZJcgZtitN/tKaIVzdcBx+79LlTf3GCJsidSQDV5mhWe4f+6/TDkxgDZP\nnVKNUDVJpQ3zSTN37uf9SM8z97r0aQYxrEp24ORpClewOn89jHIz2ja5nRr2YD36\n02RapfMSWNgLyUYDOteXdbyJFzUJ3OsLZ2+aCATBTxbZ9NF9pslVPc+KwNg6Gx88\ny90T2z7snkGf11eJV+IzPKMdeI/P2ZQzvrzM0F4Jqi49mqLfVgyP5xy7n2FUQzeF\nVaXz23YTsg+8ETZMVi6r4HnDCPY/Qdi/f6Hp8ysCggEBAMSN3dm/IU53JYmu0hDl\nVPkbbygQCCGAqWoOv7+CA1boSUVCSu7k3I/OSvnd7tab9AIZ72/3AUHGCCkQ3KL3\nK+NYC1c6uG60DKiujp7umya0gDqvliSZUQqC+tGnGOfBCSjJ3SO9vj7U9KYuonVg\nTPU4S1eOCBrmQf8ccaHsddJEldrIY5YiOcBA/Oh7rHW8cLho7euC3qDDYZDH8hYf\npzD5zIh7/gL0++gHYBhqBpzE42e9ABVUItco+ODO9KH63Y1wcZsEhV4yM6fmVW+6\nYaevAB/40uFHgO7tDhNny+EDnwMyVOVRBOOJ7c1xDRe3p/o+83mlOPFUWgHGyPMd\nfwECggEBAJIUT4pqeuSyl+HjkALaWRuEdWqqYbup1o02RT+hiyv/JPVWkcdM2b11\n2EeC6y8JeHmQikxqTDiqWOtvo+JQomA9ALEuSPtpPuDbFW31q7cZkgwo+PFWKOFA\nBi46BecUb80rzyicdiq8h21ufCLk7PkjmaZEtxJFcjxzxbkxrLiduodHJQlqiFxR\nt5dW5ZAulDJaz/3ta16CXshVSEkGvtdZsG01JU3JmrGB6pLXdyuezeSo6g35YzcD\nrGhMy0nSR7oorkAyGvsPQ2pd9kKe5AFKjrDVSiHNJ18nn4Am/VeiQPePrebZI7h0\nY9SS+As0m7bPhile0jTvSw1z506O+Ak=\n-----END PRIVATE KEY-----\n",
            "public_key_fingerprint_md5": "60:65:01:f4:36:e2:af:4b:bc:49:65:e0:f3:6c:a9:50",
            "public_key_fingerprint_sha256": "SHA256:Fd0ar/JiykrVpFRfjLkmpESM7axK6KWdYl6rOAWGIjQ",
            "public_key_openssh": "ssh-rsa AAAAB3NzaC1yc2EAAAADAQABAAACAQDTug4Nc/9r3uV0huNIPyVcX/ZSoyOrM+FwuAw4b56kW5w+5vbVMmJ9UE9lvJphV3L9KVoWU0Ki20haq8RiyGcoOS5+r7ae+PYUvclz7JM6FoVElSfPqY8CvOfD3k/2q0uwCVvK0cJJfuoruRSRLaPXhxQr0ZcHtpdikmlOeB3mmOs4IS1qQZ2kBuhS/n+MQxoHsMbiUK73SxyJazsLzUh4AWgNDh49zv9N/f136H5AU7CLtgnQIRVFEHmGnX5MQS6mKf4pr7dMTkIT+aGMUT5zcGbIm1c4mnfMz27g7f1IGtVXsiI7tNmzEHBJZ0ZFm/Bk6jTKoZouwoRMPRgHFRjXn1eGjLiCDpmbuYqv7u2PzXZmpQef0jenn9X1Jkp6PNb5bRz7bXH0EUf1F+iusncot3ASjncLLmuWjs0qy5ezd1tkLaea/O2F6IxKcKZdZMnIMOZkbuhSzJ03rFxyK6edjIB9LqY4cBPV9SmU7KjyQrTCpnPQ/U6sVFaP2DuSAay6WUD5lbJKQ24zxpZxncfpors/yXrCleIV4I+eT5t6a1s5L4IIcNgES1Tpq7KxrrICW+MWFBVCifcYCY1+rqyVDDZiCOfUNWSg/AAHNvdFDFW2BaUIuznlt3uvxBBYFFM7zx4lfNQPIoi2NaXn61goNxUN+5wx32P03yS5Ef9iRw==\n",
            "public_key_pem": "-----BEGIN PUBLIC KEY-----\nMIICIjANBgkqhkiG9w0BAQEFAAOCAg8AMIICCgKCAgEA07oODXP/a97ldIbjSD8l\nXF/2UqMjqzPhcLgMOG+epFucPub21TJifVBPZbyaYVdy/SlaFlNCottIWqvEYshn\nKDkufq+2nvj2FL3Jc+yTOhaFRJUnz6mPArznw95P9qtLsAlbytHCSX7qK7kUkS2j\n14cUK9GXB7aXYpJpTngd5pjrOCEtakGdpAboUv5/jEMaB7DG4lCu90sciWs7C81I\neAFoDQ4ePc7/Tf39d+h+QFOwi7YJ0CEVRRB5hp1+TEEupin+Ka+3TE5CE/mhjFE+\nc3BmyJtXOJp3zM9u4O39SBrVV7IiO7TZsxBwSWdGRZvwZOo0yqGaLsKETD0YBxUY\n159Xhoy4gg6Zm7mKr+7tj812ZqUHn9I3p5/V9SZKejzW+W0c+21x9BFH9RforrJ3\nKLdwEo53Cy5rlo7NKsuXs3dbZC2nmvztheiMSnCmXWTJyDDmZG7oUsydN6xcciun\nnYyAfS6mOHAT1fUplOyo8kK0wqZz0P1OrFRWj9g7kgGsullA+ZWySkNuM8aWcZ3H\n6aK7P8l6wpXiFeCPnk+bemtbOS+CCHDYBEtU6auysa6yAlvjFhQVQon3GAmNfq6s\nlQw2Ygjn1DVkoPwABzb3RQxVtgWlCLs55bd7r8QQWBRTO88eJXzUDyKItjWl5+tY\nKDcVDfucMd9j9N8kuRH/YkcCAwEAAQ==\n-----END PUBLIC KEY-----\n",
            "rsa_bits": 4096
          },
          "sensitive_attributes": []
        }
      ]
    }
  ],
  "check_results": null
}
