{
  "version": 4,
  "terraform_version": "1.3.6",
  "serial": 84,
  "lineage": "2f34a442-b56b-8f37-1a99-906b7815d86d",
  "outputs": {},
  "resources": [
    {
      "module": "module.vm",
      "mode": "data",
      "type": "azurerm_client_config",
      "name": "example",
      "provider": "module.vm.provider[\"registry.terraform.io/hashicorp/azurerm\"]",
      "instances": [
        {
          "schema_version": 0,
          "attributes": {
            "client_id": "04b07795-8ddb-461a-bbee-02f9e1bf7b46",
            "id": "Y2xpZW50Q29uZmlncy9jbGllbnRJZD0wNGIwNzc5NS04ZGRiLTQ2MWEtYmJlZS0wMmY5ZTFiZjdiNDY7b2JqZWN0SWQ9ODk3NWMxNmItNGMwYi00MTJhLTgwOWMtMTliOGRmNzNkNTc3O3N1YnNjcmlwdGlvbklkPTZmOGY3YTc1LWJkNGQtNDQ5OS1iMjE1LTdiOTdjMzY4YmFjMTt0ZW5hbnRJZD1mYTI5ZTY0MC0xOGFkLTRjNmQtOWJhYS1kNjA4MDVhZDI4YzA=",
            "object_id": "8975c16b-4c0b-412a-809c-19b8df73d577",
            "subscription_id": "6f8f7a75-bd4d-4499-b215-7b97c368bac1",
            "tenant_id": "fa29e640-18ad-4c6d-9baa-d60805ad28c0",
            "timeouts": null
          },
          "sensitive_attributes": []
        }
      ]
    },
    {
      "module": "module.vm",
      "mode": "managed",
      "type": "azurerm_key_vault",
      "name": "key_vault",
      "provider": "module.vm.provider[\"registry.terraform.io/hashicorp/azurerm\"]",
      "instances": [
        {
          "schema_version": 2,
          "attributes": {
            "access_policy": [],
            "contact": [],
            "enable_rbac_authorization": true,
            "enabled_for_deployment": true,
            "enabled_for_disk_encryption": true,
            "enabled_for_template_deployment": true,
            "id": "/subscriptions/6f8f7a75-bd4d-4499-b215-7b97c368bac1/resourceGroups/rg1/providers/Microsoft.KeyVault/vaults/kvstrkey23",
            "location": "eastus",
            "name": "kvstrkey23",
            "network_acls": [
              {
                "bypass": "AzureServices",
                "default_action": "Allow",
                "ip_rules": [],
                "virtual_network_subnet_ids": []
              }
            ],
            "public_network_access_enabled": true,
            "purge_protection_enabled": true,
            "resource_group_name": "rg1",
            "sku_name": "standard",
            "soft_delete_retention_days": 7,
            "tags": {},
            "tenant_id": "fa29e640-18ad-4c6d-9baa-d60805ad28c0",
            "timeouts": null,
            "vault_uri": "https://kvstrkey23.vault.azure.net/"
          },
          "sensitive_attributes": [],
          "private": "eyJlMmJmYjczMC1lY2FhLTExZTYtOGY4OC0zNDM2M2JjN2M0YzAiOnsiY3JlYXRlIjoxODAwMDAwMDAwMDAwLCJkZWxldGUiOjE4MDAwMDAwMDAwMDAsInJlYWQiOjMwMDAwMDAwMDAwMCwidXBkYXRlIjoxODAwMDAwMDAwMDAwfSwic2NoZW1hX3ZlcnNpb24iOiIyIn0=",
          "dependencies": [
            "module.vm.azurerm_resource_group.example",
            "module.vm.data.azurerm_client_config.example"
          ]
        }
      ]
    },
    {
      "module": "module.vm",
      "mode": "managed",
      "type": "azurerm_key_vault_key",
      "name": "generated",
      "provider": "module.vm.provider[\"registry.terraform.io/hashicorp/azurerm\"]",
      "instances": [
        {
          "schema_version": 0,
          "attributes": {
            "curve": "",
            "e": "AQAB",
            "expiration_date": null,
            "id": "https://kvstrkey23.vault.azure.net/keys/custkey/5f2dbf21ced646a69cc9ede2c33d3baa",
            "key_opts": [
              "decrypt",
              "encrypt",
              "sign",
              "unwrapKey",
              "verify",
              "wrapKey"
            ],
            "key_size": 2048,
            "key_type": "RSA",
            "key_vault_id": "/subscriptions/6f8f7a75-bd4d-4499-b215-7b97c368bac1/resourceGroups/rg1/providers/Microsoft.KeyVault/vaults/kvstrkey23",
            "n": "4vHJhz51NhVKyaordOWhamT2K441eNvLEDMcnwcjTDa02XTtriBC6JEftxzx5eGWQB2w7HsyCsn09zOS2UprwO9gQDPOb6oH5z5b-McrUjXO8jIcD0SPGwdkgh83PE8nY2CoxtIVOfEf2Fl8zAHtHXXRmpnpBUqHqQT-ZUKBMnQareba4p8AAbWpC8UAxMmaYaTP0SZ3kvUOvP4EPQ7gNeJlq1TJrAPPuwecmOD5lEcG6DgrksjfjBFFdprDT-2rEOGC1-fJTuS5mGoIwP7chlT-XquD2A8Y0imjc2rtHLqInUIQ4u29n6yg3i4Pvst5LZfI2i_vuG-AxeXZhuOsvQ",
            "name": "custkey",
            "not_before_date": null,
            "public_key_openssh": "ssh-rsa AAAAB3NzaC1yc2EAAAADAQABAAABAQDi8cmHPnU2FUrJqit05aFqZPYrjjV428sQMxyfByNMNrTZdO2uIELokR+3HPHl4ZZAHbDsezIKyfT3M5LZSmvA72BAM85vqgfnPlv4xytSNc7yMhwPRI8bB2SCHzc8TydjYKjG0hU58R/YWXzMAe0dddGamekFSoepBP5lQoEydBqt5trinwABtakLxQDEyZphpM/RJneS9Q68/gQ9DuA14mWrVMmsA8+7B5yY4PmURwboOCuSyN+MEUV2msNP7asQ4YLX58lO5LmYagjA/tyGVP5eq4PYDxjSKaNzau0cuoidQhDi7b2frKDeLg++y3ktl8jaL++4b4DF5dmG46y9\n",
            "public_key_pem": "-----BEGIN PUBLIC KEY-----\nMIIBIjANBgkqhkiG9w0BAQEFAAOCAQ8AMIIBCgKCAQEA4vHJhz51NhVKyaordOWh\namT2K441eNvLEDMcnwcjTDa02XTtriBC6JEftxzx5eGWQB2w7HsyCsn09zOS2Upr\nwO9gQDPOb6oH5z5b+McrUjXO8jIcD0SPGwdkgh83PE8nY2CoxtIVOfEf2Fl8zAHt\nHXXRmpnpBUqHqQT+ZUKBMnQareba4p8AAbWpC8UAxMmaYaTP0SZ3kvUOvP4EPQ7g\nNeJlq1TJrAPPuwecmOD5lEcG6DgrksjfjBFFdprDT+2rEOGC1+fJTuS5mGoIwP7c\nhlT+XquD2A8Y0imjc2rtHLqInUIQ4u29n6yg3i4Pvst5LZfI2i/vuG+AxeXZhuOs\nvQIDAQAB\n-----END PUBLIC KEY-----\n",
            "resource_id": "/subscriptions/6f8f7a75-bd4d-4499-b215-7b97c368bac1/resourceGroups/rg1/providers/Microsoft.KeyVault/vaults/kvstrkey23/keys/custkey/versions/5f2dbf21ced646a69cc9ede2c33d3baa",
            "resource_versionless_id": "/subscriptions/6f8f7a75-bd4d-4499-b215-7b97c368bac1/resourceGroups/rg1/providers/Microsoft.KeyVault/vaults/kvstrkey23/keys/custkey",
            "rotation_policy": [],
            "tags": {},
            "timeouts": null,
            "version": "5f2dbf21ced646a69cc9ede2c33d3baa",
            "versionless_id": "https://kvstrkey23.vault.azure.net/keys/custkey",
            "x": "",
            "y": ""
          },
          "sensitive_attributes": [],
          "private": "eyJlMmJmYjczMC1lY2FhLTExZTYtOGY4OC0zNDM2M2JjN2M0YzAiOnsiY3JlYXRlIjoxODAwMDAwMDAwMDAwLCJkZWxldGUiOjE4MDAwMDAwMDAwMDAsInJlYWQiOjE4MDAwMDAwMDAwMDAsInVwZGF0ZSI6MTgwMDAwMDAwMDAwMH19",
          "dependencies": [
            "module.vm.azurerm_key_vault.key_vault",
            "module.vm.azurerm_resource_group.example",
            "module.vm.data.azurerm_client_config.example"
          ]
        }
      ]
    },
    {
      "module": "module.vm",
      "mode": "managed",
      "type": "azurerm_network_interface",
      "name": "example",
      "provider": "module.vm.provider[\"registry.terraform.io/hashicorp/azurerm\"]",
      "instances": [
        {
          "schema_version": 0,
          "attributes": {
            "applied_dns_servers": [],
            "dns_servers": [],
            "edge_zone": "",
            "enable_accelerated_networking": false,
            "enable_ip_forwarding": false,
            "id": "/subscriptions/6f8f7a75-bd4d-4499-b215-7b97c368bac1/resourceGroups/rg1/providers/Microsoft.Network/networkInterfaces/example-nic",
            "internal_dns_name_label": "",
            "internal_domain_name_suffix": "rdquvo1yqs1e1j3heyyj0yo5dg.bx.internal.cloudapp.net",
            "ip_configuration": [
              {
                "gateway_load_balancer_frontend_ip_configuration_id": "",
                "name": "internal",
                "primary": true,
                "private_ip_address": "10.0.2.4",
                "private_ip_address_allocation": "Dynamic",
                "private_ip_address_version": "IPv4",
                "public_ip_address_id": "/subscriptions/6f8f7a75-bd4d-4499-b215-7b97c368bac1/resourceGroups/rg1/providers/Microsoft.Network/publicIPAddresses/publicip-tomcatvm",
                "subnet_id": "/subscriptions/6f8f7a75-bd4d-4499-b215-7b97c368bac1/resourceGroups/rg1/providers/Microsoft.Network/virtualNetworks/vnet1/subnets/internal"
              }
            ],
            "location": "eastus",
            "mac_address": "00-0D-3A-9B-43-27",
            "name": "example-nic",
            "private_ip_address": "10.0.2.4",
            "private_ip_addresses": [
              "10.0.2.4"
            ],
            "resource_group_name": "rg1",
            "tags": {},
            "timeouts": null,
            "virtual_machine_id": "/subscriptions/6f8f7a75-bd4d-4499-b215-7b97c368bac1/resourceGroups/rg1/providers/Microsoft.Compute/virtualMachines/example-machine"
          },
          "sensitive_attributes": [],
          "private": "eyJlMmJmYjczMC1lY2FhLTExZTYtOGY4OC0zNDM2M2JjN2M0YzAiOnsiY3JlYXRlIjoxODAwMDAwMDAwMDAwLCJkZWxldGUiOjE4MDAwMDAwMDAwMDAsInJlYWQiOjMwMDAwMDAwMDAwMCwidXBkYXRlIjoxODAwMDAwMDAwMDAwfX0=",
          "dependencies": [
            "module.vm.azurerm_public_ip.publicip",
            "module.vm.azurerm_resource_group.example",
            "module.vm.azurerm_subnet.vm_subnet",
            "module.vm.azurerm_virtual_network.vnet1"
          ]
        }
      ]
    },
    {
      "module": "module.vm",
      "mode": "managed",
      "type": "azurerm_network_interface_security_group_association",
      "name": "association",
      "provider": "module.vm.provider[\"registry.terraform.io/hashicorp/azurerm\"]",
      "instances": [
        {
          "schema_version": 0,
          "attributes": {
            "id": "/subscriptions/6f8f7a75-bd4d-4499-b215-7b97c368bac1/resourceGroups/rg1/providers/Microsoft.Network/networkInterfaces/example-nic|/subscriptions/6f8f7a75-bd4d-4499-b215-7b97c368bac1/resourceGroups/rg1/providers/Microsoft.Network/networkSecurityGroups/nsg1",
            "network_interface_id": "/subscriptions/6f8f7a75-bd4d-4499-b215-7b97c368bac1/resourceGroups/rg1/providers/Microsoft.Network/networkInterfaces/example-nic",
            "network_security_group_id": "/subscriptions/6f8f7a75-bd4d-4499-b215-7b97c368bac1/resourceGroups/rg1/providers/Microsoft.Network/networkSecurityGroups/nsg1",
            "timeouts": null
          },
          "sensitive_attributes": [],
          "private": "eyJlMmJmYjczMC1lY2FhLTExZTYtOGY4OC0zNDM2M2JjN2M0YzAiOnsiY3JlYXRlIjoxODAwMDAwMDAwMDAwLCJkZWxldGUiOjE4MDAwMDAwMDAwMDAsInJlYWQiOjMwMDAwMDAwMDAwMCwidXBkYXRlIjoxODAwMDAwMDAwMDAwfX0=",
          "dependencies": [
            "module.vm.azurerm_network_interface.example",
            "module.vm.azurerm_network_security_group.nsg",
            "module.vm.azurerm_public_ip.publicip",
            "module.vm.azurerm_resource_group.example",
            "module.vm.azurerm_subnet.vm_subnet",
            "module.vm.azurerm_virtual_network.vnet1"
          ]
        }
      ]
    },
    {
      "module": "module.vm",
      "mode": "managed",
      "type": "azurerm_network_security_group",
      "name": "nsg",
      "provider": "module.vm.provider[\"registry.terraform.io/hashicorp/azurerm\"]",
      "instances": [
        {
          "schema_version": 0,
          "attributes": {
            "id": "/subscriptions/6f8f7a75-bd4d-4499-b215-7b97c368bac1/resourceGroups/rg1/providers/Microsoft.Network/networkSecurityGroups/nsg1",
            "location": "eastus",
            "name": "nsg1",
            "resource_group_name": "rg1",
            "security_rule": [
              {
                "access": "Allow",
                "description": "",
                "destination_address_prefix": "*",
                "destination_address_prefixes": [],
                "destination_application_security_group_ids": [],
                "destination_port_range": "22",
                "destination_port_ranges": [],
                "direction": "Inbound",
                "name": "allow_ssh_sg",
                "priority": 100,
                "protocol": "Tcp",
                "source_address_prefix": "*",
                "source_address_prefixes": [],
                "source_application_security_group_ids": [],
                "source_port_range": "*",
                "source_port_ranges": []
              }
            ],
            "tags": {},
            "timeouts": null
          },
          "sensitive_attributes": [],
          "private": "eyJlMmJmYjczMC1lY2FhLTExZTYtOGY4OC0zNDM2M2JjN2M0YzAiOnsiY3JlYXRlIjoxODAwMDAwMDAwMDAwLCJkZWxldGUiOjE4MDAwMDAwMDAwMDAsInJlYWQiOjMwMDAwMDAwMDAwMCwidXBkYXRlIjoxODAwMDAwMDAwMDAwfX0=",
          "dependencies": [
            "module.vm.azurerm_network_interface.example",
            "module.vm.azurerm_public_ip.publicip",
            "module.vm.azurerm_resource_group.example",
            "module.vm.azurerm_subnet.vm_subnet",
            "module.vm.azurerm_virtual_network.vnet1"
          ]
        }
      ]
    },
    {
      "module": "module.vm",
      "mode": "managed",
      "type": "azurerm_private_dns_zone",
      "name": "example",
      "provider": "module.vm.provider[\"registry.terraform.io/hashicorp/azurerm\"]",
      "instances": [
        {
          "schema_version": 0,
          "attributes": {
            "id": "/subscriptions/6f8f7a75-bd4d-4499-b215-7b97c368bac1/resourceGroups/rg1/providers/Microsoft.Network/privateDnsZones/privatelink.blob.core.windows.net",
            "max_number_of_record_sets": 25000,
            "max_number_of_virtual_network_links": 1000,
            "max_number_of_virtual_network_links_with_registration": 100,
            "name": "privatelink.blob.core.windows.net",
            "number_of_record_sets": 1,
            "resource_group_name": "rg1",
            "soa_record": [
              {
                "email": "azureprivatedns-host.microsoft.com",
                "expire_time": 2419200,
                "fqdn": "privatelink.blob.core.windows.net.",
                "host_name": "azureprivatedns.net",
                "minimum_ttl": 10,
                "refresh_time": 3600,
                "retry_time": 300,
                "serial_number": 1,
                "tags": {},
                "ttl": 3600
              }
            ],
            "tags": {},
            "timeouts": null
          },
          "sensitive_attributes": [],
          "private": "eyJlMmJmYjczMC1lY2FhLTExZTYtOGY4OC0zNDM2M2JjN2M0YzAiOnsiY3JlYXRlIjoxODAwMDAwMDAwMDAwLCJkZWxldGUiOjE4MDAwMDAwMDAwMDAsInJlYWQiOjMwMDAwMDAwMDAwMCwidXBkYXRlIjoxODAwMDAwMDAwMDAwfX0="
        }
      ]
    },
    {
      "module": "module.vm",
      "mode": "managed",
      "type": "azurerm_private_endpoint",
      "name": "storage_endpoint",
      "provider": "module.vm.provider[\"registry.terraform.io/hashicorp/azurerm\"]",
      "instances": [
        {
          "schema_version": 0,
          "attributes": {
            "custom_dns_configs": [
              {
                "fqdn": "teststorageacnt18.blob.core.windows.net",
                "ip_addresses": [
                  "10.0.3.4"
                ]
              }
            ],
            "custom_network_interface_name": "",
            "id": "/subscriptions/6f8f7a75-bd4d-4499-b215-7b97c368bac1/resourceGroups/rg1/providers/Microsoft.Network/privateEndpoints/storage-endpoint",
            "ip_configuration": [],
            "location": "eastus",
            "name": "storage-endpoint",
            "network_interface": [
              {
                "id": "/subscriptions/6f8f7a75-bd4d-4499-b215-7b97c368bac1/resourceGroups/rg1/providers/Microsoft.Network/networkInterfaces/storage-endpoint.nic.50a08681-a21a-4261-ba43-cc95fe1a379e",
                "name": "storage-endpoint.nic.50a08681-a21a-4261-ba43-cc95fe1a379e"
              }
            ],
            "private_dns_zone_configs": [],
            "private_dns_zone_group": [],
            "private_service_connection": [
              {
                "is_manual_connection": false,
                "name": "storage-connection",
                "private_connection_resource_alias": "",
                "private_connection_resource_id": "/subscriptions/6f8f7a75-bd4d-4499-b215-7b97c368bac1/resourceGroups/rg1/providers/Microsoft.Storage/storageAccounts/teststorageacnt18",
                "private_ip_address": "10.0.3.4",
                "request_message": "",
                "subresource_names": [
                  "blob"
                ]
              }
            ],
            "resource_group_name": "rg1",
            "subnet_id": "/subscriptions/6f8f7a75-bd4d-4499-b215-7b97c368bac1/resourceGroups/rg1/providers/Microsoft.Network/virtualNetworks/vnet1/subnets/st-subnet",
            "tags": {},
            "timeouts": null
          },
          "sensitive_attributes": [],
          "private": "eyJlMmJmYjczMC1lY2FhLTExZTYtOGY4OC0zNDM2M2JjN2M0YzAiOnsiY3JlYXRlIjozNjAwMDAwMDAwMDAwLCJkZWxldGUiOjM2MDAwMDAwMDAwMDAsInJlYWQiOjMwMDAwMDAwMDAwMCwidXBkYXRlIjozNjAwMDAwMDAwMDAwfX0=",
          "dependencies": [
            "module.vm.azurerm_resource_group.example",
            "module.vm.azurerm_storage_account.example",
            "module.vm.azurerm_subnet.storage",
            "module.vm.azurerm_virtual_network.vnet1"
          ]
        }
      ]
    },
    {
      "module": "module.vm",
      "mode": "managed",
      "type": "azurerm_public_ip",
      "name": "publicip",
      "provider": "module.vm.provider[\"registry.terraform.io/hashicorp/azurerm\"]",
      "instances": [
        {
          "schema_version": 0,
          "attributes": {
            "allocation_method": "Dynamic",
            "ddos_protection_mode": "VirtualNetworkInherited",
            "ddos_protection_plan_id": null,
            "domain_name_label": null,
            "edge_zone": "",
            "fqdn": null,
            "id": "/subscriptions/6f8f7a75-bd4d-4499-b215-7b97c368bac1/resourceGroups/rg1/providers/Microsoft.Network/publicIPAddresses/publicip-tomcatvm",
            "idle_timeout_in_minutes": 4,
            "ip_address": "172.190.128.137",
            "ip_tags": {},
            "ip_version": "IPv4",
            "location": "eastus",
            "name": "publicip-tomcatvm",
            "public_ip_prefix_id": null,
            "resource_group_name": "rg1",
            "reverse_fqdn": null,
            "sku": "Basic",
            "sku_tier": "Regional",
            "tags": {},
            "timeouts": null,
            "zones": []
          },
          "sensitive_attributes": [],
          "private": "eyJlMmJmYjczMC1lY2FhLTExZTYtOGY4OC0zNDM2M2JjN2M0YzAiOnsiY3JlYXRlIjoxODAwMDAwMDAwMDAwLCJkZWxldGUiOjE4MDAwMDAwMDAwMDAsInJlYWQiOjMwMDAwMDAwMDAwMCwidXBkYXRlIjoxODAwMDAwMDAwMDAwfX0=",
          "dependencies": [
            "module.vm.azurerm_resource_group.example"
          ]
        }
      ]
    },
    {
      "module": "module.vm",
      "mode": "managed",
      "type": "azurerm_resource_group",
      "name": "example",
      "provider": "module.vm.provider[\"registry.terraform.io/hashicorp/azurerm\"]",
      "instances": [
        {
          "schema_version": 0,
          "attributes": {
            "id": "/subscriptions/6f8f7a75-bd4d-4499-b215-7b97c368bac1/resourceGroups/rg1",
            "location": "eastus",
            "managed_by": "",
            "name": "rg1",
            "tags": {},
            "timeouts": null
          },
          "sensitive_attributes": [],
          "private": "eyJlMmJmYjczMC1lY2FhLTExZTYtOGY4OC0zNDM2M2JjN2M0YzAiOnsiY3JlYXRlIjo1NDAwMDAwMDAwMDAwLCJkZWxldGUiOjU0MDAwMDAwMDAwMDAsInJlYWQiOjMwMDAwMDAwMDAwMCwidXBkYXRlIjo1NDAwMDAwMDAwMDAwfX0="
        }
      ]
    },
    {
      "module": "module.vm",
      "mode": "managed",
      "type": "azurerm_storage_account",
      "name": "example",
      "provider": "module.vm.provider[\"registry.terraform.io/hashicorp/azurerm\"]",
      "instances": [
        {
          "schema_version": 4,
          "attributes": {
            "access_tier": "Hot",
            "account_kind": "StorageV2",
            "account_replication_type": "LRS",
            "account_tier": "Standard",
            "allow_nested_items_to_be_public": true,
            "allowed_copy_scope": "",
            "azure_files_authentication": [],
            "blob_properties": [
              {
                "change_feed_enabled": false,
                "change_feed_retention_in_days": 0,
                "container_delete_retention_policy": [],
                "cors_rule": [],
                "default_service_version": "",
                "delete_retention_policy": [],
                "last_access_time_enabled": false,
                "restore_policy": [],
                "versioning_enabled": false
              }
            ],
            "cross_tenant_replication_enabled": true,
            "custom_domain": [],
            "customer_managed_key": [
              {
                "key_vault_key_id": "https://kvforstrg.vault.azure.net/keys/adminuser",
                "user_assigned_identity_id": ""
              }
            ],
            "default_to_oauth_authentication": false,
            "edge_zone": "",
            "enable_https_traffic_only": true,
            "id": "/subscriptions/6f8f7a75-bd4d-4499-b215-7b97c368bac1/resourceGroups/rg1/providers/Microsoft.Storage/storageAccounts/teststorageacnt18",
            "identity": [
              {
                "identity_ids": [],
                "principal_id": "fbe63f71-35ae-43ea-b059-b141f06f35b4",
                "tenant_id": "fa29e640-18ad-4c6d-9baa-d60805ad28c0",
                "type": "SystemAssigned"
              }
            ],
            "immutability_policy": [],
            "infrastructure_encryption_enabled": false,
            "is_hns_enabled": false,
            "large_file_share_enabled": null,
            "location": "eastus",
            "min_tls_version": "TLS1_2",
            "name": "teststorageacnt18",
            "network_rules": [
              {
                "bypass": [
                  "AzureServices"
                ],
                "default_action": "Deny",
                "ip_rules": [
                  "0.0.0.0/0",
                  "49.204.2.89"
                ],
                "private_link_access": [],
                "virtual_network_subnet_ids": [
                  "/subscriptions/6f8f7a75-bd4d-4499-b215-7b97c368bac1/resourceGroups/rg1/providers/Microsoft.Network/virtualNetworks/vnet1/subnets/internal",
                  "/subscriptions/6f8f7a75-bd4d-4499-b215-7b97c368bac1/resourceGroups/rg1/providers/Microsoft.Network/virtualNetworks/vnet1/subnets/st-subnet"
                ]
              }
            ],
            "nfsv3_enabled": false,
            "primary_access_key": "nyQtZCs9RQMikC4M5DoPlvt0uRJAOfiZjX2fz4hNtnxaiNUMDA5pmPG2k4BZsY1om+RQ5QqTqnen+AStwsa84g==",
            "primary_blob_connection_string": "DefaultEndpointsProtocol=https;BlobEndpoint=https://teststorageacnt18.blob.core.windows.net/;AccountName=teststorageacnt18;AccountKey=nyQtZCs9RQMikC4M5DoPlvt0uRJAOfiZjX2fz4hNtnxaiNUMDA5pmPG2k4BZsY1om+RQ5QqTqnen+AStwsa84g==",
            "primary_blob_endpoint": "https://teststorageacnt18.blob.core.windows.net/",
            "primary_blob_host": "teststorageacnt18.blob.core.windows.net",
            "primary_connection_string": "DefaultEndpointsProtocol=https;AccountName=teststorageacnt18;AccountKey=nyQtZCs9RQMikC4M5DoPlvt0uRJAOfiZjX2fz4hNtnxaiNUMDA5pmPG2k4BZsY1om+RQ5QqTqnen+AStwsa84g==;EndpointSuffix=core.windows.net",
            "primary_dfs_endpoint": "https://teststorageacnt18.dfs.core.windows.net/",
            "primary_dfs_host": "teststorageacnt18.dfs.core.windows.net",
            "primary_file_endpoint": "https://teststorageacnt18.file.core.windows.net/",
            "primary_file_host": "teststorageacnt18.file.core.windows.net",
            "primary_location": "eastus",
            "primary_queue_endpoint": "https://teststorageacnt18.queue.core.windows.net/",
            "primary_queue_host": "teststorageacnt18.queue.core.windows.net",
            "primary_table_endpoint": "https://teststorageacnt18.table.core.windows.net/",
            "primary_table_host": "teststorageacnt18.table.core.windows.net",
            "primary_web_endpoint": "https://teststorageacnt18.z13.web.core.windows.net/",
            "primary_web_host": "teststorageacnt18.z13.web.core.windows.net",
            "public_network_access_enabled": true,
            "queue_encryption_key_type": "Service",
            "queue_properties": [
              {
                "cors_rule": [],
                "hour_metrics": [
                  {
                    "enabled": true,
                    "include_apis": true,
                    "retention_policy_days": 7,
                    "version": "1.0"
                  }
                ],
                "logging": [
                  {
                    "delete": false,
                    "read": false,
                    "retention_policy_days": 0,
                    "version": "1.0",
                    "write": false
                  }
                ],
                "minute_metrics": [
                  {
                    "enabled": false,
                    "include_apis": false,
                    "retention_policy_days": 0,
                    "version": "1.0"
                  }
                ]
              }
            ],
            "resource_group_name": "rg1",
            "routing": [],
            "sas_policy": [],
            "secondary_access_key": "Cbq02xSSQSkoq/3XEEoFzHAuwChBAqLvYly1q1fFnhGkul2JkBEPIp8cbLoGTO7xDsUQAxfi8VTh+AStiWx/6w==",
            "secondary_blob_connection_string": "",
            "secondary_blob_endpoint": null,
            "secondary_blob_host": null,
            "secondary_connection_string": "DefaultEndpointsProtocol=https;AccountName=teststorageacnt18;AccountKey=Cbq02xSSQSkoq/3XEEoFzHAuwChBAqLvYly1q1fFnhGkul2JkBEPIp8cbLoGTO7xDsUQAxfi8VTh+AStiWx/6w==;EndpointSuffix=core.windows.net",
            "secondary_dfs_endpoint": null,
            "secondary_dfs_host": null,
            "secondary_file_endpoint": null,
            "secondary_file_host": null,
            "secondary_location": "",
            "secondary_queue_endpoint": null,
            "secondary_queue_host": null,
            "secondary_table_endpoint": null,
            "secondary_table_host": null,
            "secondary_web_endpoint": null,
            "secondary_web_host": null,
            "sftp_enabled": false,
            "share_properties": [
              {
                "cors_rule": [],
                "retention_policy": [
                  {
                    "days": 7
                  }
                ],
                "smb": []
              }
            ],
            "shared_access_key_enabled": true,
            "static_website": [],
            "table_encryption_key_type": "Service",
            "tags": {},
            "timeouts": null
          },
          "sensitive_attributes": [],
          "private": "eyJlMmJmYjczMC1lY2FhLTExZTYtOGY4OC0zNDM2M2JjN2M0YzAiOnsiY3JlYXRlIjozNjAwMDAwMDAwMDAwLCJkZWxldGUiOjM2MDAwMDAwMDAwMDAsInJlYWQiOjMwMDAwMDAwMDAwMCwidXBkYXRlIjozNjAwMDAwMDAwMDAwfSwic2NoZW1hX3ZlcnNpb24iOiI0In0=",
          "dependencies": [
            "module.vm.azurerm_resource_group.example"
          ]
        }
      ]
    },
    {
      "module": "module.vm",
      "mode": "managed",
      "type": "azurerm_storage_account_network_rules",
      "name": "example",
      "provider": "module.vm.provider[\"registry.terraform.io/hashicorp/azurerm\"]",
      "instances": [
        {
          "schema_version": 0,
          "attributes": {
            "bypass": [
              "AzureServices"
            ],
            "default_action": "Deny",
            "id": "/subscriptions/6f8f7a75-bd4d-4499-b215-7b97c368bac1/resourceGroups/rg1/providers/Microsoft.Storage/storageAccounts/teststorageacnt18",
            "ip_rules": [
              "0.0.0.0/0",
              "49.204.2.89"
            ],
            "private_link_access": [],
            "storage_account_id": "/subscriptions/6f8f7a75-bd4d-4499-b215-7b97c368bac1/resourceGroups/rg1/providers/Microsoft.Storage/storageAccounts/teststorageacnt18",
            "timeouts": null,
            "virtual_network_subnet_ids": [
              "/subscriptions/6f8f7a75-bd4d-4499-b215-7b97c368bac1/resourceGroups/rg1/providers/Microsoft.Network/virtualNetworks/vnet1/subnets/internal",
              "/subscriptions/6f8f7a75-bd4d-4499-b215-7b97c368bac1/resourceGroups/rg1/providers/Microsoft.Network/virtualNetworks/vnet1/subnets/st-subnet"
            ]
          },
          "sensitive_attributes": [],
          "private": "eyJlMmJmYjczMC1lY2FhLTExZTYtOGY4OC0zNDM2M2JjN2M0YzAiOnsiY3JlYXRlIjozNjAwMDAwMDAwMDAwLCJkZWxldGUiOjM2MDAwMDAwMDAwMDAsInJlYWQiOjMwMDAwMDAwMDAwMCwidXBkYXRlIjozNjAwMDAwMDAwMDAwfX0=",
          "dependencies": [
            "module.vm.azurerm_resource_group.example",
            "module.vm.azurerm_storage_account.example",
            "module.vm.azurerm_subnet.storage",
            "module.vm.azurerm_subnet.vm_subnet",
            "module.vm.azurerm_virtual_network.vnet1"
          ]
        }
      ]
    },
    {
      "module": "module.vm",
      "mode": "managed",
      "type": "azurerm_storage_container",
      "name": "container",
      "provider": "module.vm.provider[\"registry.terraform.io/hashicorp/azurerm\"]",
      "instances": [
        {
          "schema_version": 1,
          "attributes": {
            "container_access_type": "private",
            "has_immutability_policy": false,
            "has_legal_hold": false,
            "id": "https://teststorageacnt18.blob.core.windows.net/tfstate",
            "metadata": {},
            "name": "tfstate",
            "resource_manager_id": "/subscriptions/6f8f7a75-bd4d-4499-b215-7b97c368bac1/resourceGroups/rg1/providers/Microsoft.Storage/storageAccounts/teststorageacnt18/blobServices/default/containers/tfstate",
            "storage_account_name": "teststorageacnt18",
            "timeouts": null
          },
          "sensitive_attributes": [],
          "private": "eyJlMmJmYjczMC1lY2FhLTExZTYtOGY4OC0zNDM2M2JjN2M0YzAiOnsiY3JlYXRlIjoxODAwMDAwMDAwMDAwLCJkZWxldGUiOjE4MDAwMDAwMDAwMDAsInJlYWQiOjMwMDAwMDAwMDAwMCwidXBkYXRlIjoxODAwMDAwMDAwMDAwfSwic2NoZW1hX3ZlcnNpb24iOiIxIn0=",
          "dependencies": [
            "module.vm.azurerm_resource_group.example",
            "module.vm.azurerm_storage_account.example"
          ]
        }
      ]
    },
    {
      "module": "module.vm",
      "mode": "managed",
      "type": "azurerm_subnet",
      "name": "storage",
      "provider": "module.vm.provider[\"registry.terraform.io/hashicorp/azurerm\"]",
      "instances": [
        {
          "schema_version": 0,
          "attributes": {
            "address_prefixes": [
              "10.0.3.0/24"
            ],
            "delegation": [],
            "enforce_private_link_endpoint_network_policies": true,
            "enforce_private_link_service_network_policies": false,
            "id": "/subscriptions/6f8f7a75-bd4d-4499-b215-7b97c368bac1/resourceGroups/rg1/providers/Microsoft.Network/virtualNetworks/vnet1/subnets/st-subnet",
            "name": "st-subnet",
            "private_endpoint_network_policies_enabled": false,
            "private_link_service_network_policies_enabled": true,
            "resource_group_name": "rg1",
            "service_endpoint_policy_ids": [],
            "service_endpoints": [
              "Microsoft.Storage"
            ],
            "timeouts": null,
            "virtual_network_name": "vnet1"
          },
          "sensitive_attributes": [],
          "private": "eyJlMmJmYjczMC1lY2FhLTExZTYtOGY4OC0zNDM2M2JjN2M0YzAiOnsiY3JlYXRlIjoxODAwMDAwMDAwMDAwLCJkZWxldGUiOjE4MDAwMDAwMDAwMDAsInJlYWQiOjMwMDAwMDAwMDAwMCwidXBkYXRlIjoxODAwMDAwMDAwMDAwfX0=",
          "dependencies": [
            "module.vm.azurerm_virtual_network.vnet1"
          ]
        }
      ]
    },
    {
      "module": "module.vm",
      "mode": "managed",
      "type": "azurerm_subnet",
      "name": "vm_subnet",
      "provider": "module.vm.provider[\"registry.terraform.io/hashicorp/azurerm\"]",
      "instances": [
        {
          "schema_version": 0,
          "attributes": {
            "address_prefixes": [
              "10.0.2.0/24"
            ],
            "delegation": [],
            "enforce_private_link_endpoint_network_policies": false,
            "enforce_private_link_service_network_policies": false,
            "id": "/subscriptions/6f8f7a75-bd4d-4499-b215-7b97c368bac1/resourceGroups/rg1/providers/Microsoft.Network/virtualNetworks/vnet1/subnets/internal",
            "name": "internal",
            "private_endpoint_network_policies_enabled": true,
            "private_link_service_network_policies_enabled": true,
            "resource_group_name": "rg1",
            "service_endpoint_policy_ids": [],
            "service_endpoints": [
              "Microsoft.Storage"
            ],
            "timeouts": null,
            "virtual_network_name": "vnet1"
          },
          "sensitive_attributes": [],
          "private": "eyJlMmJmYjczMC1lY2FhLTExZTYtOGY4OC0zNDM2M2JjN2M0YzAiOnsiY3JlYXRlIjoxODAwMDAwMDAwMDAwLCJkZWxldGUiOjE4MDAwMDAwMDAwMDAsInJlYWQiOjMwMDAwMDAwMDAwMCwidXBkYXRlIjoxODAwMDAwMDAwMDAwfX0=",
          "dependencies": [
            "module.vm.azurerm_virtual_network.vnet1"
          ]
        }
      ]
    },
    {
      "module": "module.vm",
      "mode": "managed",
      "type": "azurerm_virtual_network",
      "name": "vnet1",
      "provider": "module.vm.provider[\"registry.terraform.io/hashicorp/azurerm\"]",
      "instances": [
        {
          "schema_version": 0,
          "attributes": {
            "address_space": [
              "10.0.0.0/16"
            ],
            "bgp_community": "",
            "ddos_protection_plan": [],
            "dns_servers": [],
            "edge_zone": "",
            "encryption": [],
            "flow_timeout_in_minutes": 0,
            "guid": "bb4ae188-8478-4db6-a7a7-26309d61df1e",
            "id": "/subscriptions/6f8f7a75-bd4d-4499-b215-7b97c368bac1/resourceGroups/rg1/providers/Microsoft.Network/virtualNetworks/vnet1",
            "location": "eastus",
            "name": "vnet1",
            "resource_group_name": "rg1",
            "subnet": [
              {
                "address_prefix": "10.0.2.0/24",
                "id": "/subscriptions/6f8f7a75-bd4d-4499-b215-7b97c368bac1/resourceGroups/rg1/providers/Microsoft.Network/virtualNetworks/vnet1/subnets/internal",
                "name": "internal",
                "security_group": ""
              },
              {
                "address_prefix": "10.0.3.0/24",
                "id": "/subscriptions/6f8f7a75-bd4d-4499-b215-7b97c368bac1/resourceGroups/rg1/providers/Microsoft.Network/virtualNetworks/vnet1/subnets/st-subnet",
                "name": "st-subnet",
                "security_group": ""
              }
            ],
            "tags": {},
            "timeouts": null
          },
          "sensitive_attributes": [],
          "private": "eyJlMmJmYjczMC1lY2FhLTExZTYtOGY4OC0zNDM2M2JjN2M0YzAiOnsiY3JlYXRlIjoxODAwMDAwMDAwMDAwLCJkZWxldGUiOjE4MDAwMDAwMDAwMDAsInJlYWQiOjMwMDAwMDAwMDAwMCwidXBkYXRlIjoxODAwMDAwMDAwMDAwfX0="
        }
      ]
    }
  ],
  "check_results": null
}
